// !$*UTF8*$!
{
	archiveVersion = 1;
	classes = {
	};
	objectVersion = 50;
	objects = {

/* Begin PBXBuildFile section */
		272CB9C59BFB653EAFF22E0B /* Pods_Site_Assessment_Commercial.framework in Frameworks */ = {isa = PBXBuildFile; fileRef = 5EC725C3B8EBD5DEE4ED71F6 /* Pods_Site_Assessment_Commercial.framework */; };
		DD0D742F224BD6B800D9C06F /* ImageViewController.swift in Sources */ = {isa = PBXBuildFile; fileRef = DD0D742E224BD6B700D9C06F /* ImageViewController.swift */; };
		DD17AD2422442E86005DF780 /* UITextView+Frame.swift in Sources */ = {isa = PBXBuildFile; fileRef = DD17AD2322442E86005DF780 /* UITextView+Frame.swift */; };
		DD3EE64421E4F1750094E29D /* ImageGalleryCollectionView.swift in Sources */ = {isa = PBXBuildFile; fileRef = DD3EE64321E4F1750094E29D /* ImageGalleryCollectionView.swift */; };
		DD412EE5222EC00100D6FD2F /* LoadingIndicatorView.swift in Sources */ = {isa = PBXBuildFile; fileRef = DD412EE4222EC00100D6FD2F /* LoadingIndicatorView.swift */; };
		DD48637021B990660058EDA3 /* NewProjectReportCell.swift in Sources */ = {isa = PBXBuildFile; fileRef = DD48636F21B990660058EDA3 /* NewProjectReportCell.swift */; };
		DD4D1C54224D4D91001DF5AC /* TableViewIndex+BackgroundView.swift in Sources */ = {isa = PBXBuildFile; fileRef = DD4D1C53224D4D91001DF5AC /* TableViewIndex+BackgroundView.swift */; };
		DD4D1C57224EC1CF001DF5AC /* ImageGalleryCell.xib in Resources */ = {isa = PBXBuildFile; fileRef = DD4D1C56224EC1CF001DF5AC /* ImageGalleryCell.xib */; };
		DD4E490922284870004FE180 /* ReviewViewModel.swift in Sources */ = {isa = PBXBuildFile; fileRef = DD4E490822284870004FE180 /* ReviewViewModel.swift */; };
		DD6BC1D921FB846200D0AB48 /* SaveToCustomAlbum.swift in Sources */ = {isa = PBXBuildFile; fileRef = DD6BC1D821FB846200D0AB48 /* SaveToCustomAlbum.swift */; };
		DD754C6E21AC699400253D58 /* Commercial.plist in Resources */ = {isa = PBXBuildFile; fileRef = DD754C6D21AC699400253D58 /* Commercial.plist */; };
		DD767336222E0ED7001F87F7 /* NotificationCenter+Name.swift in Sources */ = {isa = PBXBuildFile; fileRef = DD767335222E0ED7001F87F7 /* NotificationCenter+Name.swift */; };
		DD767338222E1427001F87F7 /* BaseViewController.swift in Sources */ = {isa = PBXBuildFile; fileRef = DD767337222E1427001F87F7 /* BaseViewController.swift */; };
		DD76BEFE21A85D7600A65352 /* AppDelegate.swift in Sources */ = {isa = PBXBuildFile; fileRef = DD76BEFD21A85D7600A65352 /* AppDelegate.swift */; };
		DD76BF0321A85D7600A65352 /* Main.storyboard in Resources */ = {isa = PBXBuildFile; fileRef = DD76BF0121A85D7600A65352 /* Main.storyboard */; };
		DD76BF0521A85D7800A65352 /* Assets.xcassets in Resources */ = {isa = PBXBuildFile; fileRef = DD76BF0421A85D7800A65352 /* Assets.xcassets */; };
		DD76BF0821A85D7800A65352 /* LaunchScreen.storyboard in Resources */ = {isa = PBXBuildFile; fileRef = DD76BF0621A85D7800A65352 /* LaunchScreen.storyboard */; };
		DD76BF1021A85F7100A65352 /* SettingsViewController.swift in Sources */ = {isa = PBXBuildFile; fileRef = DD76BF0F21A85F7100A65352 /* SettingsViewController.swift */; };
		DD76BF1221A8622E00A65352 /* NewProjectReportViewController.swift in Sources */ = {isa = PBXBuildFile; fileRef = DD76BF1121A8622E00A65352 /* NewProjectReportViewController.swift */; };
		DD76BF1421A8629C00A65352 /* ReviewViewController.swift in Sources */ = {isa = PBXBuildFile; fileRef = DD76BF1321A8629C00A65352 /* ReviewViewController.swift */; };
		DD76BF1621A86A8200A65352 /* MainCell.swift in Sources */ = {isa = PBXBuildFile; fileRef = DD76BF1521A86A8200A65352 /* MainCell.swift */; };
		DD76BF1A21A86AE200A65352 /* MainViewController.swift in Sources */ = {isa = PBXBuildFile; fileRef = DD76BF1921A86AE200A65352 /* MainViewController.swift */; };
		DD76BF1E21A86BC900A65352 /* SettingsCell.swift in Sources */ = {isa = PBXBuildFile; fileRef = DD76BF1D21A86BC900A65352 /* SettingsCell.swift */; };
		DD76BF2021A86C7500A65352 /* ReviewCell.swift in Sources */ = {isa = PBXBuildFile; fileRef = DD76BF1F21A86C7500A65352 /* ReviewCell.swift */; };
		DD76BF2221A8747600A65352 /* ProjectInformationViewController.swift in Sources */ = {isa = PBXBuildFile; fileRef = DD76BF2121A8747600A65352 /* ProjectInformationViewController.swift */; };
		DD76BF2421A874D300A65352 /* InformationCell.swift in Sources */ = {isa = PBXBuildFile; fileRef = DD76BF2321A874D300A65352 /* InformationCell.swift */; };
		DD76BF2621A8AB8000A65352 /* MainViewModel.swift in Sources */ = {isa = PBXBuildFile; fileRef = DD76BF2521A8AB8000A65352 /* MainViewModel.swift */; };
		DD76DBD8221DC76E00DFC9D5 /* GoogleService.swift in Sources */ = {isa = PBXBuildFile; fileRef = DD76DBD7221DC76E00DFC9D5 /* GoogleService.swift */; };
		DD79259C2256891200855B68 /* Site_Assessment_CommercialUITests.swift in Sources */ = {isa = PBXBuildFile; fileRef = DD79259B2256891200855B68 /* Site_Assessment_CommercialUITests.swift */; };
		DD7925AA2256891900855B68 /* Site_Assessment_CommercialTests.swift in Sources */ = {isa = PBXBuildFile; fileRef = DD7925A92256891900855B68 /* Site_Assessment_CommercialTests.swift */; };
		DD81CFE921C44D5D00FBE53E /* CollectionViewFlowLayout.swift in Sources */ = {isa = PBXBuildFile; fileRef = DD81CFE821C44D5D00FBE53E /* CollectionViewFlowLayout.swift */; };
		DD85EC0921ED02CE009C8F4A /* MyCheckBox.swift in Sources */ = {isa = PBXBuildFile; fileRef = DD85EC0821ED02CE009C8F4A /* MyCheckBox.swift */; };
		DD8AE18E21BACA6A00969F12 /* NewProjectReportViewModel.swift in Sources */ = {isa = PBXBuildFile; fileRef = DD8AE18D21BACA6A00969F12 /* NewProjectReportViewModel.swift */; };
		DD8AE19221C017AF00969F12 /* CollectionReusableView.swift in Sources */ = {isa = PBXBuildFile; fileRef = DD8AE19121C017AF00969F12 /* CollectionReusableView.swift */; };
		DD8B6D6F223C80400022D7A8 /* PopupDialog+GroupingBy.swift in Sources */ = {isa = PBXBuildFile; fileRef = DD8B6D6E223C80400022D7A8 /* PopupDialog+GroupingBy.swift */; };
		DD909D6621AF26A300BC9736 /* NetworkService.swift in Sources */ = {isa = PBXBuildFile; fileRef = DD909D6521AF26A300BC9736 /* NetworkService.swift */; };
		DD909D6B21B04F1E00BC9736 /* SADTO.swift in Sources */ = {isa = PBXBuildFile; fileRef = DD909D6A21B04F1E00BC9736 /* SADTO.swift */; };
		DD9483E1223DC4970084CE4D /* Array+Indices+IndexPath.swift in Sources */ = {isa = PBXBuildFile; fileRef = DD9483E0223DC4970084CE4D /* Array+Indices+IndexPath.swift */; };
		DD9483E8223FFEB40084CE4D /* Residential.plist in Resources */ = {isa = PBXBuildFile; fileRef = DD9483E7223FFEB40084CE4D /* Residential.plist */; };
		DDA818AC223C49A800A1CA80 /* UIViewController+SetBackground.swift in Sources */ = {isa = PBXBuildFile; fileRef = DDA818AB223C49A800A1CA80 /* UIViewController+SetBackground.swift */; };
		DDB3A6B72232171600B57A69 /* Encodable+Dictionary.swift in Sources */ = {isa = PBXBuildFile; fileRef = DDB3A6B62232171600B57A69 /* Encodable+Dictionary.swift */; };
		DDB7CC4422453A830081D62C /* ARCell.xib in Resources */ = {isa = PBXBuildFile; fileRef = DDB7CC4322453A830081D62C /* ARCell.xib */; };
		DDB7CC4622453BDC0081D62C /* InputsCell.xib in Resources */ = {isa = PBXBuildFile; fileRef = DDB7CC4522453BDC0081D62C /* InputsCell.xib */; };
		DDCC6325224A7EDF0060A1D9 /* SelectionWithImageOtherCell.xib in Resources */ = {isa = PBXBuildFile; fileRef = DDCC6324224A7EDF0060A1D9 /* SelectionWithImageOtherCell.xib */; };
		DDCC6327224A90A20060A1D9 /* NotesCell.xib in Resources */ = {isa = PBXBuildFile; fileRef = DDCC6326224A90A20060A1D9 /* NotesCell.xib */; };
		DDCDEA3B22176B3C0000B210 /* UIViewController+HideKeyboard.swift in Sources */ = {isa = PBXBuildFile; fileRef = DDCDEA3A22176B3C0000B210 /* UIViewController+HideKeyboard.swift */; };
		DDCE69ED2224968000468CDE /* ZohoService.swift in Sources */ = {isa = PBXBuildFile; fileRef = DDCE69EC2224968000468CDE /* ZohoService.swift */; };
		DDD03C962242D3FC00C00FB2 /* TrussTypeCell.xib in Resources */ = {isa = PBXBuildFile; fileRef = DDD03C952242D3FC00C00FB2 /* TrussTypeCell.xib */; };
		DDD8B49F2242C41C000F94A5 /* MultipleSelectionCell.xib in Resources */ = {isa = PBXBuildFile; fileRef = DDD8B49E2242C41C000F94A5 /* MultipleSelectionCell.xib */; };
		DDDD234F221F00FD0067D6EF /* GoogleSignOut.xib in Resources */ = {isa = PBXBuildFile; fileRef = DDDD234E221F00FD0067D6EF /* GoogleSignOut.xib */; };
		DDDD2352221F07430067D6EF /* GoogleSIgnOutView.swift in Sources */ = {isa = PBXBuildFile; fileRef = DDDD2351221F07430067D6EF /* GoogleSIgnOutView.swift */; };
		DDE7F2D722526F5C0053B976 /* AboutViewController.swift in Sources */ = {isa = PBXBuildFile; fileRef = DDE7F2D622526F5C0053B976 /* AboutViewController.swift */; };
		DDE7F2D92252730D0053B976 /* about.html in Resources */ = {isa = PBXBuildFile; fileRef = DDE7F2D82252730D0053B976 /* about.html */; };
		DDE7F2DE225305BF0053B976 /* NewProjectViewController.swift in Sources */ = {isa = PBXBuildFile; fileRef = DDE7F2DD225305BF0053B976 /* NewProjectViewController.swift */; };
		DDE7F2E12253F4480053B976 /* ImageCell.xib in Resources */ = {isa = PBXBuildFile; fileRef = DDE7F2E02253F4480053B976 /* ImageCell.xib */; };
		DDEC154721B1D78700BF4083 /* DataStorageService.swift in Sources */ = {isa = PBXBuildFile; fileRef = DDEC154621B1D78700BF4083 /* DataStorageService.swift */; };
		DDEC154921B1DA4C00BF4083 /* ProjectInformationViewModel.swift in Sources */ = {isa = PBXBuildFile; fileRef = DDEC154821B1DA4C00BF4083 /* ProjectInformationViewModel.swift */; };
		DDEDF4D9221C9D9000F0C2F8 /* GoogleAccessViewCtontroller.swift in Sources */ = {isa = PBXBuildFile; fileRef = DDEDF4D8221C9D9000F0C2F8 /* GoogleAccessViewCtontroller.swift */; };
/* End PBXBuildFile section */

/* Begin PBXContainerItemProxy section */
		DD79259E2256891200855B68 /* PBXContainerItemProxy */ = {
			isa = PBXContainerItemProxy;
			containerPortal = DD76BEF221A85D7600A65352 /* Project object */;
			proxyType = 1;
			remoteGlobalIDString = DD76BEF921A85D7600A65352;
			remoteInfo = "Site Assessment Commercial";
		};
		DD7925AC2256891900855B68 /* PBXContainerItemProxy */ = {
			isa = PBXContainerItemProxy;
			containerPortal = DD76BEF221A85D7600A65352 /* Project object */;
			proxyType = 1;
			remoteGlobalIDString = DD76BEF921A85D7600A65352;
			remoteInfo = "Site Assessment Commercial";
		};
/* End PBXContainerItemProxy section */

/* Begin PBXFileReference section */
		5EC725C3B8EBD5DEE4ED71F6 /* Pods_Site_Assessment_Commercial.framework */ = {isa = PBXFileReference; explicitFileType = wrapper.framework; includeInIndex = 0; path = Pods_Site_Assessment_Commercial.framework; sourceTree = BUILT_PRODUCTS_DIR; };
		CD3D4EF6F70EB09AC05F271F /* Pods-Site Assessment Commercial.debug.xcconfig */ = {isa = PBXFileReference; includeInIndex = 1; lastKnownFileType = text.xcconfig; name = "Pods-Site Assessment Commercial.debug.xcconfig"; path = "Pods/Target Support Files/Pods-Site Assessment Commercial/Pods-Site Assessment Commercial.debug.xcconfig"; sourceTree = "<group>"; };
		D38745A09F38BE1C10B8782F /* Pods-Site Assessment Commercial.release.xcconfig */ = {isa = PBXFileReference; includeInIndex = 1; lastKnownFileType = text.xcconfig; name = "Pods-Site Assessment Commercial.release.xcconfig"; path = "Pods/Target Support Files/Pods-Site Assessment Commercial/Pods-Site Assessment Commercial.release.xcconfig"; sourceTree = "<group>"; };
		DD0D742E224BD6B700D9C06F /* ImageViewController.swift */ = {isa = PBXFileReference; lastKnownFileType = sourcecode.swift; path = ImageViewController.swift; sourceTree = "<group>"; };
		DD17AD2322442E86005DF780 /* UITextView+Frame.swift */ = {isa = PBXFileReference; lastKnownFileType = sourcecode.swift; path = "UITextView+Frame.swift"; sourceTree = "<group>"; };
		DD3EE64321E4F1750094E29D /* ImageGalleryCollectionView.swift */ = {isa = PBXFileReference; lastKnownFileType = sourcecode.swift; path = ImageGalleryCollectionView.swift; sourceTree = "<group>"; };
		DD412EE4222EC00100D6FD2F /* LoadingIndicatorView.swift */ = {isa = PBXFileReference; fileEncoding = 4; lastKnownFileType = sourcecode.swift; path = LoadingIndicatorView.swift; sourceTree = "<group>"; };
		DD48636F21B990660058EDA3 /* NewProjectReportCell.swift */ = {isa = PBXFileReference; lastKnownFileType = sourcecode.swift; path = NewProjectReportCell.swift; sourceTree = "<group>"; };
		DD4D1C53224D4D91001DF5AC /* TableViewIndex+BackgroundView.swift */ = {isa = PBXFileReference; lastKnownFileType = sourcecode.swift; path = "TableViewIndex+BackgroundView.swift"; sourceTree = "<group>"; };
		DD4D1C56224EC1CF001DF5AC /* ImageGalleryCell.xib */ = {isa = PBXFileReference; lastKnownFileType = file.xib; path = ImageGalleryCell.xib; sourceTree = "<group>"; };
		DD4E490822284870004FE180 /* ReviewViewModel.swift */ = {isa = PBXFileReference; lastKnownFileType = sourcecode.swift; path = ReviewViewModel.swift; sourceTree = "<group>"; };
		DD6BC1D821FB846200D0AB48 /* SaveToCustomAlbum.swift */ = {isa = PBXFileReference; lastKnownFileType = sourcecode.swift; path = SaveToCustomAlbum.swift; sourceTree = "<group>"; };
		DD754C6D21AC699400253D58 /* Commercial.plist */ = {isa = PBXFileReference; lastKnownFileType = text.plist.xml; path = Commercial.plist; sourceTree = "<group>"; };
		DD767335222E0ED7001F87F7 /* NotificationCenter+Name.swift */ = {isa = PBXFileReference; lastKnownFileType = sourcecode.swift; path = "NotificationCenter+Name.swift"; sourceTree = "<group>"; };
		DD767337222E1427001F87F7 /* BaseViewController.swift */ = {isa = PBXFileReference; lastKnownFileType = sourcecode.swift; path = BaseViewController.swift; sourceTree = "<group>"; };
		DD76BEFA21A85D7600A65352 /* Site Assessment Commercial.app */ = {isa = PBXFileReference; explicitFileType = wrapper.application; includeInIndex = 0; path = "Site Assessment Commercial.app"; sourceTree = BUILT_PRODUCTS_DIR; };
		DD76BEFD21A85D7600A65352 /* AppDelegate.swift */ = {isa = PBXFileReference; lastKnownFileType = sourcecode.swift; path = AppDelegate.swift; sourceTree = "<group>"; };
		DD76BF0221A85D7600A65352 /* Base */ = {isa = PBXFileReference; lastKnownFileType = file.storyboard; name = Base; path = Base.lproj/Main.storyboard; sourceTree = "<group>"; };
		DD76BF0421A85D7800A65352 /* Assets.xcassets */ = {isa = PBXFileReference; lastKnownFileType = folder.assetcatalog; path = Assets.xcassets; sourceTree = "<group>"; };
		DD76BF0721A85D7800A65352 /* Base */ = {isa = PBXFileReference; lastKnownFileType = file.storyboard; name = Base; path = Base.lproj/LaunchScreen.storyboard; sourceTree = "<group>"; };
		DD76BF0921A85D7800A65352 /* Info.plist */ = {isa = PBXFileReference; lastKnownFileType = text.plist.xml; path = Info.plist; sourceTree = "<group>"; };
		DD76BF0F21A85F7100A65352 /* SettingsViewController.swift */ = {isa = PBXFileReference; lastKnownFileType = sourcecode.swift; path = SettingsViewController.swift; sourceTree = "<group>"; };
		DD76BF1121A8622E00A65352 /* NewProjectReportViewController.swift */ = {isa = PBXFileReference; lastKnownFileType = sourcecode.swift; path = NewProjectReportViewController.swift; sourceTree = "<group>"; };
		DD76BF1321A8629C00A65352 /* ReviewViewController.swift */ = {isa = PBXFileReference; lastKnownFileType = sourcecode.swift; path = ReviewViewController.swift; sourceTree = "<group>"; };
		DD76BF1521A86A8200A65352 /* MainCell.swift */ = {isa = PBXFileReference; lastKnownFileType = sourcecode.swift; path = MainCell.swift; sourceTree = "<group>"; };
		DD76BF1921A86AE200A65352 /* MainViewController.swift */ = {isa = PBXFileReference; lastKnownFileType = sourcecode.swift; path = MainViewController.swift; sourceTree = "<group>"; };
		DD76BF1D21A86BC900A65352 /* SettingsCell.swift */ = {isa = PBXFileReference; lastKnownFileType = sourcecode.swift; path = SettingsCell.swift; sourceTree = "<group>"; };
		DD76BF1F21A86C7500A65352 /* ReviewCell.swift */ = {isa = PBXFileReference; lastKnownFileType = sourcecode.swift; path = ReviewCell.swift; sourceTree = "<group>"; };
		DD76BF2121A8747600A65352 /* ProjectInformationViewController.swift */ = {isa = PBXFileReference; lastKnownFileType = sourcecode.swift; path = ProjectInformationViewController.swift; sourceTree = "<group>"; };
		DD76BF2321A874D300A65352 /* InformationCell.swift */ = {isa = PBXFileReference; lastKnownFileType = sourcecode.swift; path = InformationCell.swift; sourceTree = "<group>"; };
		DD76BF2521A8AB8000A65352 /* MainViewModel.swift */ = {isa = PBXFileReference; lastKnownFileType = sourcecode.swift; path = MainViewModel.swift; sourceTree = "<group>"; };
		DD76DBD7221DC76E00DFC9D5 /* GoogleService.swift */ = {isa = PBXFileReference; lastKnownFileType = sourcecode.swift; path = GoogleService.swift; sourceTree = "<group>"; };
		DD7925992256891200855B68 /* Site Assessment CommercialUITests.xctest */ = {isa = PBXFileReference; explicitFileType = wrapper.cfbundle; includeInIndex = 0; path = "Site Assessment CommercialUITests.xctest"; sourceTree = BUILT_PRODUCTS_DIR; };
		DD79259B2256891200855B68 /* Site_Assessment_CommercialUITests.swift */ = {isa = PBXFileReference; lastKnownFileType = sourcecode.swift; path = Site_Assessment_CommercialUITests.swift; sourceTree = "<group>"; };
		DD79259D2256891200855B68 /* Info.plist */ = {isa = PBXFileReference; lastKnownFileType = text.plist.xml; path = Info.plist; sourceTree = "<group>"; };
		DD7925A72256891800855B68 /* Site Assessment CommercialTests.xctest */ = {isa = PBXFileReference; explicitFileType = wrapper.cfbundle; includeInIndex = 0; path = "Site Assessment CommercialTests.xctest"; sourceTree = BUILT_PRODUCTS_DIR; };
		DD7925A92256891900855B68 /* Site_Assessment_CommercialTests.swift */ = {isa = PBXFileReference; lastKnownFileType = sourcecode.swift; path = Site_Assessment_CommercialTests.swift; sourceTree = "<group>"; };
		DD7925AB2256891900855B68 /* Info.plist */ = {isa = PBXFileReference; lastKnownFileType = text.plist.xml; path = Info.plist; sourceTree = "<group>"; };
		DD81CFE821C44D5D00FBE53E /* CollectionViewFlowLayout.swift */ = {isa = PBXFileReference; lastKnownFileType = sourcecode.swift; path = CollectionViewFlowLayout.swift; sourceTree = "<group>"; };
		DD85EC0821ED02CE009C8F4A /* MyCheckBox.swift */ = {isa = PBXFileReference; lastKnownFileType = sourcecode.swift; path = MyCheckBox.swift; sourceTree = "<group>"; };
		DD8AE18D21BACA6A00969F12 /* NewProjectReportViewModel.swift */ = {isa = PBXFileReference; lastKnownFileType = sourcecode.swift; path = NewProjectReportViewModel.swift; sourceTree = "<group>"; };
		DD8AE19121C017AF00969F12 /* CollectionReusableView.swift */ = {isa = PBXFileReference; lastKnownFileType = sourcecode.swift; path = CollectionReusableView.swift; sourceTree = "<group>"; };
		DD8B6D6E223C80400022D7A8 /* PopupDialog+GroupingBy.swift */ = {isa = PBXFileReference; lastKnownFileType = sourcecode.swift; path = "PopupDialog+GroupingBy.swift"; sourceTree = "<group>"; };
		DD909D6521AF26A300BC9736 /* NetworkService.swift */ = {isa = PBXFileReference; lastKnownFileType = sourcecode.swift; path = NetworkService.swift; sourceTree = "<group>"; };
		DD909D6A21B04F1E00BC9736 /* SADTO.swift */ = {isa = PBXFileReference; lastKnownFileType = sourcecode.swift; path = SADTO.swift; sourceTree = "<group>"; };
		DD9483E0223DC4970084CE4D /* Array+Indices+IndexPath.swift */ = {isa = PBXFileReference; lastKnownFileType = sourcecode.swift; path = "Array+Indices+IndexPath.swift"; sourceTree = "<group>"; };
		DD9483E7223FFEB40084CE4D /* Residential.plist */ = {isa = PBXFileReference; lastKnownFileType = text.plist.xml; path = Residential.plist; sourceTree = "<group>"; };
		DDA818AB223C49A800A1CA80 /* UIViewController+SetBackground.swift */ = {isa = PBXFileReference; lastKnownFileType = sourcecode.swift; path = "UIViewController+SetBackground.swift"; sourceTree = "<group>"; };
		DDB3A6B62232171600B57A69 /* Encodable+Dictionary.swift */ = {isa = PBXFileReference; lastKnownFileType = sourcecode.swift; path = "Encodable+Dictionary.swift"; sourceTree = "<group>"; };
		DDB7CC4322453A830081D62C /* ARCell.xib */ = {isa = PBXFileReference; lastKnownFileType = file.xib; path = ARCell.xib; sourceTree = "<group>"; };
		DDB7CC4522453BDC0081D62C /* InputsCell.xib */ = {isa = PBXFileReference; lastKnownFileType = file.xib; path = InputsCell.xib; sourceTree = "<group>"; };
		DDCC6324224A7EDF0060A1D9 /* SelectionWithImageOtherCell.xib */ = {isa = PBXFileReference; lastKnownFileType = file.xib; path = SelectionWithImageOtherCell.xib; sourceTree = "<group>"; };
		DDCC6326224A90A20060A1D9 /* NotesCell.xib */ = {isa = PBXFileReference; lastKnownFileType = file.xib; path = NotesCell.xib; sourceTree = "<group>"; };
		DDCDEA3A22176B3C0000B210 /* UIViewController+HideKeyboard.swift */ = {isa = PBXFileReference; lastKnownFileType = sourcecode.swift; path = "UIViewController+HideKeyboard.swift"; sourceTree = "<group>"; };
		DDCE69EC2224968000468CDE /* ZohoService.swift */ = {isa = PBXFileReference; lastKnownFileType = sourcecode.swift; path = ZohoService.swift; sourceTree = "<group>"; };
		DDD03C952242D3FC00C00FB2 /* TrussTypeCell.xib */ = {isa = PBXFileReference; lastKnownFileType = file.xib; path = TrussTypeCell.xib; sourceTree = "<group>"; };
		DDD8B49E2242C41C000F94A5 /* MultipleSelectionCell.xib */ = {isa = PBXFileReference; lastKnownFileType = file.xib; path = MultipleSelectionCell.xib; sourceTree = "<group>"; };
		DDDD234E221F00FD0067D6EF /* GoogleSignOut.xib */ = {isa = PBXFileReference; lastKnownFileType = file.xib; path = GoogleSignOut.xib; sourceTree = "<group>"; };
		DDDD2351221F07430067D6EF /* GoogleSIgnOutView.swift */ = {isa = PBXFileReference; lastKnownFileType = sourcecode.swift; path = GoogleSIgnOutView.swift; sourceTree = "<group>"; };
		DDE7F2D622526F5C0053B976 /* AboutViewController.swift */ = {isa = PBXFileReference; lastKnownFileType = sourcecode.swift; path = AboutViewController.swift; sourceTree = "<group>"; };
		DDE7F2D82252730D0053B976 /* about.html */ = {isa = PBXFileReference; fileEncoding = 4; lastKnownFileType = text.html; path = about.html; sourceTree = "<group>"; };
		DDE7F2DD225305BF0053B976 /* NewProjectViewController.swift */ = {isa = PBXFileReference; lastKnownFileType = sourcecode.swift; path = NewProjectViewController.swift; sourceTree = "<group>"; };
		DDE7F2E02253F4480053B976 /* ImageCell.xib */ = {isa = PBXFileReference; lastKnownFileType = file.xib; path = ImageCell.xib; sourceTree = "<group>"; };
		DDEC154621B1D78700BF4083 /* DataStorageService.swift */ = {isa = PBXFileReference; fileEncoding = 4; lastKnownFileType = sourcecode.swift; path = DataStorageService.swift; sourceTree = "<group>"; };
		DDEC154821B1DA4C00BF4083 /* ProjectInformationViewModel.swift */ = {isa = PBXFileReference; lastKnownFileType = sourcecode.swift; path = ProjectInformationViewModel.swift; sourceTree = "<group>"; };
		DDEDF4D8221C9D9000F0C2F8 /* GoogleAccessViewCtontroller.swift */ = {isa = PBXFileReference; lastKnownFileType = sourcecode.swift; path = GoogleAccessViewCtontroller.swift; sourceTree = "<group>"; };
/* End PBXFileReference section */

/* Begin PBXFrameworksBuildPhase section */
		DD76BEF721A85D7600A65352 /* Frameworks */ = {
			isa = PBXFrameworksBuildPhase;
			buildActionMask = 2147483647;
			files = (
				272CB9C59BFB653EAFF22E0B /* Pods_Site_Assessment_Commercial.framework in Frameworks */,
			);
			runOnlyForDeploymentPostprocessing = 0;
		};
		DD7925962256891200855B68 /* Frameworks */ = {
			isa = PBXFrameworksBuildPhase;
			buildActionMask = 2147483647;
			files = (
			);
			runOnlyForDeploymentPostprocessing = 0;
		};
		DD7925A42256891800855B68 /* Frameworks */ = {
			isa = PBXFrameworksBuildPhase;
			buildActionMask = 2147483647;
			files = (
			);
			runOnlyForDeploymentPostprocessing = 0;
		};
/* End PBXFrameworksBuildPhase section */

/* Begin PBXGroup section */
		4631FC4B05A8355C15852061 /* Pods */ = {
			isa = PBXGroup;
			children = (
				CD3D4EF6F70EB09AC05F271F /* Pods-Site Assessment Commercial.debug.xcconfig */,
				D38745A09F38BE1C10B8782F /* Pods-Site Assessment Commercial.release.xcconfig */,
			);
			name = Pods;
			sourceTree = "<group>";
		};
		4E53E563F6490B7A26162B96 /* Frameworks */ = {
			isa = PBXGroup;
			children = (
				5EC725C3B8EBD5DEE4ED71F6 /* Pods_Site_Assessment_Commercial.framework */,
			);
			name = Frameworks;
			sourceTree = "<group>";
		};
		DD76BEF121A85D7600A65352 = {
			isa = PBXGroup;
			children = (
				DD76BEFC21A85D7600A65352 /* Site Assessment Commercial */,
				DD79259A2256891200855B68 /* Site Assessment CommercialUITests */,
				DD7925A82256891900855B68 /* Site Assessment CommercialTests */,
				DD76BEFB21A85D7600A65352 /* Products */,
				4631FC4B05A8355C15852061 /* Pods */,
				4E53E563F6490B7A26162B96 /* Frameworks */,
			);
			sourceTree = "<group>";
		};
		DD76BEFB21A85D7600A65352 /* Products */ = {
			isa = PBXGroup;
			children = (
				DD76BEFA21A85D7600A65352 /* Site Assessment Commercial.app */,
				DD7925992256891200855B68 /* Site Assessment CommercialUITests.xctest */,
				DD7925A72256891800855B68 /* Site Assessment CommercialTests.xctest */,
			);
			name = Products;
			sourceTree = "<group>";
		};
		DD76BEFC21A85D7600A65352 /* Site Assessment Commercial */ = {
			isa = PBXGroup;
			children = (
				DDE7F2D82252730D0053B976 /* about.html */,
				DD76BEFD21A85D7600A65352 /* AppDelegate.swift */,
				DD76BF0121A85D7600A65352 /* Main.storyboard */,
				DDE214872242E00500753251 /* Views */,
				DD76BF1B21A86B4800A65352 /* Model */,
				DD76BF1C21A86B6300A65352 /* Controller */,
				DD76BF0421A85D7800A65352 /* Assets.xcassets */,
				DD76BF0621A85D7800A65352 /* LaunchScreen.storyboard */,
				DD76BF0921A85D7800A65352 /* Info.plist */,
				DD76BF2721A8AB8700A65352 /* ViewModel */,
				DD9483E2223FF4C00084CE4D /* Template */,
				DD909D6721AF26AD00BC9736 /* Service */,
				DD909D6A21B04F1E00BC9736 /* SADTO.swift */,
				DD81CFE721C2F92C00FBE53E /* Layouts */,
				DD85EC0A21ED02D5009C8F4A /* Extensions */,
				DDDD2350221F01040067D6EF /* View */,
			);
			path = "Site Assessment Commercial";
			sourceTree = "<group>";
		};
		DD76BF1B21A86B4800A65352 /* Model */ = {
			isa = PBXGroup;
			children = (
				DD76BF1521A86A8200A65352 /* MainCell.swift */,
				DD76BF1D21A86BC900A65352 /* SettingsCell.swift */,
				DD76BF1F21A86C7500A65352 /* ReviewCell.swift */,
				DD76BF2321A874D300A65352 /* InformationCell.swift */,
				DD48636F21B990660058EDA3 /* NewProjectReportCell.swift */,
			);
			path = Model;
			sourceTree = "<group>";
		};
		DD76BF1C21A86B6300A65352 /* Controller */ = {
			isa = PBXGroup;
			children = (
				DD76BF1321A8629C00A65352 /* ReviewViewController.swift */,
				DD76BF1121A8622E00A65352 /* NewProjectReportViewController.swift */,
				DD76BF0F21A85F7100A65352 /* SettingsViewController.swift */,
				DD76BF1921A86AE200A65352 /* MainViewController.swift */,
				DD76BF2121A8747600A65352 /* ProjectInformationViewController.swift */,
				DDEDF4D8221C9D9000F0C2F8 /* GoogleAccessViewCtontroller.swift */,
				DD767337222E1427001F87F7 /* BaseViewController.swift */,
				DD0D742E224BD6B700D9C06F /* ImageViewController.swift */,
				DDE7F2D622526F5C0053B976 /* AboutViewController.swift */,
				DDE7F2DD225305BF0053B976 /* NewProjectViewController.swift */,
			);
			path = Controller;
			sourceTree = "<group>";
		};
		DD76BF2721A8AB8700A65352 /* ViewModel */ = {
			isa = PBXGroup;
			children = (
				DD76BF2521A8AB8000A65352 /* MainViewModel.swift */,
				DDEC154821B1DA4C00BF4083 /* ProjectInformationViewModel.swift */,
				DD8AE18D21BACA6A00969F12 /* NewProjectReportViewModel.swift */,
				DD4E490822284870004FE180 /* ReviewViewModel.swift */,
			);
			path = ViewModel;
			sourceTree = "<group>";
		};
		DD79259A2256891200855B68 /* Site Assessment CommercialUITests */ = {
			isa = PBXGroup;
			children = (
				DD79259B2256891200855B68 /* Site_Assessment_CommercialUITests.swift */,
				DD79259D2256891200855B68 /* Info.plist */,
			);
			path = "Site Assessment CommercialUITests";
			sourceTree = "<group>";
		};
		DD7925A82256891900855B68 /* Site Assessment CommercialTests */ = {
			isa = PBXGroup;
			children = (
				DD7925A92256891900855B68 /* Site_Assessment_CommercialTests.swift */,
				DD7925AB2256891900855B68 /* Info.plist */,
			);
			path = "Site Assessment CommercialTests";
			sourceTree = "<group>";
		};
		DD81CFE721C2F92C00FBE53E /* Layouts */ = {
			isa = PBXGroup;
			children = (
				DD81CFE821C44D5D00FBE53E /* CollectionViewFlowLayout.swift */,
			);
			path = Layouts;
			sourceTree = "<group>";
		};
		DD85EC0A21ED02D5009C8F4A /* Extensions */ = {
			isa = PBXGroup;
			children = (
				DD412EE4222EC00100D6FD2F /* LoadingIndicatorView.swift */,
				DD85EC0821ED02CE009C8F4A /* MyCheckBox.swift */,
				DD6BC1D821FB846200D0AB48 /* SaveToCustomAlbum.swift */,
				DDCDEA3A22176B3C0000B210 /* UIViewController+HideKeyboard.swift */,
				DD767335222E0ED7001F87F7 /* NotificationCenter+Name.swift */,
				DDB3A6B62232171600B57A69 /* Encodable+Dictionary.swift */,
				DDA818AB223C49A800A1CA80 /* UIViewController+SetBackground.swift */,
				DD8B6D6E223C80400022D7A8 /* PopupDialog+GroupingBy.swift */,
				DD9483E0223DC4970084CE4D /* Array+Indices+IndexPath.swift */,
				DD17AD2322442E86005DF780 /* UITextView+Frame.swift */,
				DD4D1C53224D4D91001DF5AC /* TableViewIndex+BackgroundView.swift */,
			);
			path = Extensions;
			sourceTree = "<group>";
		};
		DD909D6721AF26AD00BC9736 /* Service */ = {
			isa = PBXGroup;
			children = (
				DDEC154621B1D78700BF4083 /* DataStorageService.swift */,
				DD909D6521AF26A300BC9736 /* NetworkService.swift */,
				DD76DBD7221DC76E00DFC9D5 /* GoogleService.swift */,
				DDCE69EC2224968000468CDE /* ZohoService.swift */,
			);
			path = Service;
			sourceTree = "<group>";
		};
		DD9483E2223FF4C00084CE4D /* Template */ = {
			isa = PBXGroup;
			children = (
				DD754C6D21AC699400253D58 /* Commercial.plist */,
				DD9483E7223FFEB40084CE4D /* Residential.plist */,
			);
			path = Template;
			sourceTree = "<group>";
		};
		DDDD2350221F01040067D6EF /* View */ = {
			isa = PBXGroup;
			children = (
				DDDD234E221F00FD0067D6EF /* GoogleSignOut.xib */,
				DDDD2351221F07430067D6EF /* GoogleSIgnOutView.swift */,
			);
			path = View;
			sourceTree = "<group>";
		};
		DDE214872242E00500753251 /* Views */ = {
			isa = PBXGroup;
			children = (
				DDCC6326224A90A20060A1D9 /* NotesCell.xib */,
				DD3EE64321E4F1750094E29D /* ImageGalleryCollectionView.swift */,
				DD8AE19121C017AF00969F12 /* CollectionReusableView.swift */,
				DDD8B49E2242C41C000F94A5 /* MultipleSelectionCell.xib */,
				DDCC6324224A7EDF0060A1D9 /* SelectionWithImageOtherCell.xib */,
				DDD03C952242D3FC00C00FB2 /* TrussTypeCell.xib */,
				DDB7CC4322453A830081D62C /* ARCell.xib */,
				DDB7CC4522453BDC0081D62C /* InputsCell.xib */,
				DD4D1C56224EC1CF001DF5AC /* ImageGalleryCell.xib */,
				DDE7F2E02253F4480053B976 /* ImageCell.xib */,
			);
			path = Views;
			sourceTree = "<group>";
		};
/* End PBXGroup section */

/* Begin PBXNativeTarget section */
		DD76BEF921A85D7600A65352 /* Site Assessment Commercial */ = {
			isa = PBXNativeTarget;
			buildConfigurationList = DD76BF0C21A85D7800A65352 /* Build configuration list for PBXNativeTarget "Site Assessment Commercial" */;
			buildPhases = (
				5EB0A8891601783A828E2F69 /* [CP] Check Pods Manifest.lock */,
				DD76BEF621A85D7600A65352 /* Sources */,
				DD76BEF721A85D7600A65352 /* Frameworks */,
				DD76BEF821A85D7600A65352 /* Resources */,
				D7DA28EA96F4E28E58CAC9F3 /* [CP] Embed Pods Frameworks */,
				0B4BF387C79FAF01AB483A36 /* [CP] Copy Pods Resources */,
				DDE7F2DF2253EE170053B976 /* ShellScript */,
			);
			buildRules = (
			);
			dependencies = (
			);
			name = "Site Assessment Commercial";
			productName = "Site Assessment Commercial";
			productReference = DD76BEFA21A85D7600A65352 /* Site Assessment Commercial.app */;
			productType = "com.apple.product-type.application";
		};
		DD7925982256891200855B68 /* Site Assessment CommercialUITests */ = {
			isa = PBXNativeTarget;
			buildConfigurationList = DD7925A22256891200855B68 /* Build configuration list for PBXNativeTarget "Site Assessment CommercialUITests" */;
			buildPhases = (
				DD7925952256891200855B68 /* Sources */,
				DD7925962256891200855B68 /* Frameworks */,
				DD7925972256891200855B68 /* Resources */,
			);
			buildRules = (
			);
			dependencies = (
				DD79259F2256891200855B68 /* PBXTargetDependency */,
			);
			name = "Site Assessment CommercialUITests";
			productName = "Site Assessment CommercialUITests";
			productReference = DD7925992256891200855B68 /* Site Assessment CommercialUITests.xctest */;
			productType = "com.apple.product-type.bundle.ui-testing";
		};
		DD7925A62256891800855B68 /* Site Assessment CommercialTests */ = {
			isa = PBXNativeTarget;
			buildConfigurationList = DD7925AE2256891900855B68 /* Build configuration list for PBXNativeTarget "Site Assessment CommercialTests" */;
			buildPhases = (
				DD7925A32256891800855B68 /* Sources */,
				DD7925A42256891800855B68 /* Frameworks */,
				DD7925A52256891800855B68 /* Resources */,
			);
			buildRules = (
			);
			dependencies = (
				DD7925AD2256891900855B68 /* PBXTargetDependency */,
			);
			name = "Site Assessment CommercialTests";
			productName = "Site Assessment CommercialTests";
			productReference = DD7925A72256891800855B68 /* Site Assessment CommercialTests.xctest */;
			productType = "com.apple.product-type.bundle.unit-test";
		};
/* End PBXNativeTarget section */

/* Begin PBXProject section */
		DD76BEF221A85D7600A65352 /* Project object */ = {
			isa = PBXProject;
			attributes = {
				LastSwiftUpdateCheck = 1020;
				LastUpgradeCheck = 1010;
				ORGANIZATIONNAME = chyapp.com;
				TargetAttributes = {
					DD76BEF921A85D7600A65352 = {
						CreatedOnToolsVersion = 10.1;
						LastSwiftMigration = 1020;
					};
					DD7925982256891200855B68 = {
						CreatedOnToolsVersion = 10.2;
						TestTargetID = DD76BEF921A85D7600A65352;
					};
					DD7925A62256891800855B68 = {
						CreatedOnToolsVersion = 10.2;
						TestTargetID = DD76BEF921A85D7600A65352;
					};
				};
			};
			buildConfigurationList = DD76BEF521A85D7600A65352 /* Build configuration list for PBXProject "Site Assessment Commercial" */;
			compatibilityVersion = "Xcode 9.3";
			developmentRegion = en;
			hasScannedForEncodings = 0;
			knownRegions = (
				en,
				Base,
			);
			mainGroup = DD76BEF121A85D7600A65352;
			productRefGroup = DD76BEFB21A85D7600A65352 /* Products */;
			projectDirPath = "";
			projectRoot = "";
			targets = (
				DD76BEF921A85D7600A65352 /* Site Assessment Commercial */,
				DD7925982256891200855B68 /* Site Assessment CommercialUITests */,
				DD7925A62256891800855B68 /* Site Assessment CommercialTests */,
			);
		};
/* End PBXProject section */

/* Begin PBXResourcesBuildPhase section */
		DD76BEF821A85D7600A65352 /* Resources */ = {
			isa = PBXResourcesBuildPhase;
			buildActionMask = 2147483647;
			files = (
				DDB7CC4622453BDC0081D62C /* InputsCell.xib in Resources */,
				DD4D1C57224EC1CF001DF5AC /* ImageGalleryCell.xib in Resources */,
				DDD8B49F2242C41C000F94A5 /* MultipleSelectionCell.xib in Resources */,
				DDE7F2E12253F4480053B976 /* ImageCell.xib in Resources */,
				DDDD234F221F00FD0067D6EF /* GoogleSignOut.xib in Resources */,
				DDE7F2D92252730D0053B976 /* about.html in Resources */,
				DD754C6E21AC699400253D58 /* Commercial.plist in Resources */,
				DDCC6325224A7EDF0060A1D9 /* SelectionWithImageOtherCell.xib in Resources */,
				DD76BF0821A85D7800A65352 /* LaunchScreen.storyboard in Resources */,
				DD9483E8223FFEB40084CE4D /* Residential.plist in Resources */,
				DDB7CC4422453A830081D62C /* ARCell.xib in Resources */,
				DDD03C962242D3FC00C00FB2 /* TrussTypeCell.xib in Resources */,
				DD76BF0521A85D7800A65352 /* Assets.xcassets in Resources */,
				DD76BF0321A85D7600A65352 /* Main.storyboard in Resources */,
				DDCC6327224A90A20060A1D9 /* NotesCell.xib in Resources */,
			);
			runOnlyForDeploymentPostprocessing = 0;
		};
		DD7925972256891200855B68 /* Resources */ = {
			isa = PBXResourcesBuildPhase;
			buildActionMask = 2147483647;
			files = (
			);
			runOnlyForDeploymentPostprocessing = 0;
		};
		DD7925A52256891800855B68 /* Resources */ = {
			isa = PBXResourcesBuildPhase;
			buildActionMask = 2147483647;
			files = (
			);
			runOnlyForDeploymentPostprocessing = 0;
		};
/* End PBXResourcesBuildPhase section */

/* Begin PBXShellScriptBuildPhase section */
		0B4BF387C79FAF01AB483A36 /* [CP] Copy Pods Resources */ = {
			isa = PBXShellScriptBuildPhase;
			buildActionMask = 2147483647;
			files = (
			);
			inputFileListPaths = (
			);
			inputPaths = (
				"${PODS_ROOT}/Target Support Files/Pods-Site Assessment Commercial/Pods-Site Assessment Commercial-resources.sh",
				"${PODS_ROOT}/GoogleSignIn/Resources/GoogleSignIn.bundle",
			);
			name = "[CP] Copy Pods Resources";
			outputFileListPaths = (
			);
			outputPaths = (
				"${TARGET_BUILD_DIR}/${UNLOCALIZED_RESOURCES_FOLDER_PATH}/GoogleSignIn.bundle",
			);
			runOnlyForDeploymentPostprocessing = 0;
			shellPath = /bin/sh;
			shellScript = "\"${PODS_ROOT}/Target Support Files/Pods-Site Assessment Commercial/Pods-Site Assessment Commercial-resources.sh\"\n";
			showEnvVarsInLog = 0;
		};
		5EB0A8891601783A828E2F69 /* [CP] Check Pods Manifest.lock */ = {
			isa = PBXShellScriptBuildPhase;
			buildActionMask = 2147483647;
			files = (
			);
			inputPaths = (
				"${PODS_PODFILE_DIR_PATH}/Podfile.lock",
				"${PODS_ROOT}/Manifest.lock",
			);
			name = "[CP] Check Pods Manifest.lock";
			outputPaths = (
				"$(DERIVED_FILE_DIR)/Pods-Site Assessment Commercial-checkManifestLockResult.txt",
			);
			runOnlyForDeploymentPostprocessing = 0;
			shellPath = /bin/sh;
			shellScript = "diff \"${PODS_PODFILE_DIR_PATH}/Podfile.lock\" \"${PODS_ROOT}/Manifest.lock\" > /dev/null\nif [ $? != 0 ] ; then\n    # print error to STDERR\n    echo \"error: The sandbox is not in sync with the Podfile.lock. Run 'pod install' or update your CocoaPods installation.\" >&2\n    exit 1\nfi\n# This output is used by Xcode 'outputs' to avoid re-running this script phase.\necho \"SUCCESS\" > \"${SCRIPT_OUTPUT_FILE_0}\"\n";
			showEnvVarsInLog = 0;
		};
		D7DA28EA96F4E28E58CAC9F3 /* [CP] Embed Pods Frameworks */ = {
			isa = PBXShellScriptBuildPhase;
			buildActionMask = 2147483647;
			files = (
			);
			inputPaths = (
				"${PODS_ROOT}/Target Support Files/Pods-Site Assessment Commercial/Pods-Site Assessment Commercial-frameworks.sh",
				"${BUILT_PRODUCTS_DIR}/Alamofire/Alamofire.framework",
				"${BUILT_PRODUCTS_DIR}/Differentiator/Differentiator.framework",
				"${BUILT_PRODUCTS_DIR}/DynamicBlurView/DynamicBlurView.framework",
				"${BUILT_PRODUCTS_DIR}/Fusuma/Fusuma.framework",
				"${BUILT_PRODUCTS_DIR}/GTMSessionFetcher/GTMSessionFetcher.framework",
				"${BUILT_PRODUCTS_DIR}/GoogleAPIClientForREST/GoogleAPIClientForREST.framework",
				"${BUILT_PRODUCTS_DIR}/GoogleToolboxForMac/GoogleToolboxForMac.framework",
				"${BUILT_PRODUCTS_DIR}/MYTableViewIndex/MYTableViewIndex.framework",
				"${BUILT_PRODUCTS_DIR}/MarqueeLabel/MarqueeLabel.framework",
				"${BUILT_PRODUCTS_DIR}/NotificationBannerSwift/NotificationBannerSwift.framework",
				"${BUILT_PRODUCTS_DIR}/PopupDialog/PopupDialog.framework",
				"${BUILT_PRODUCTS_DIR}/ReachabilitySwift/Reachability.framework",
				"${BUILT_PRODUCTS_DIR}/RxAlamofire/RxAlamofire.framework",
				"${BUILT_PRODUCTS_DIR}/RxAtomic/RxAtomic.framework",
				"${BUILT_PRODUCTS_DIR}/RxCocoa/RxCocoa.framework",
				"${BUILT_PRODUCTS_DIR}/RxDataSources/RxDataSources.framework",
				"${BUILT_PRODUCTS_DIR}/RxGesture/RxGesture.framework",
				"${BUILT_PRODUCTS_DIR}/RxReachability/RxReachability.framework",
				"${BUILT_PRODUCTS_DIR}/RxSkeleton/RxSkeleton.framework",
				"${BUILT_PRODUCTS_DIR}/RxSwift/RxSwift.framework",
				"${BUILT_PRODUCTS_DIR}/RxSwiftExt/RxSwiftExt.framework",
				"${BUILT_PRODUCTS_DIR}/SkeletonView/SkeletonView.framework",
				"${BUILT_PRODUCTS_DIR}/SnapKit/SnapKit.framework",
				"${BUILT_PRODUCTS_DIR}/SwifterSwift/SwifterSwift.framework",
				"${BUILT_PRODUCTS_DIR}/YangMingShan/YangMingShan.framework",
			);
			name = "[CP] Embed Pods Frameworks";
			outputPaths = (
				"${TARGET_BUILD_DIR}/${FRAMEWORKS_FOLDER_PATH}/Alamofire.framework",
				"${TARGET_BUILD_DIR}/${FRAMEWORKS_FOLDER_PATH}/Differentiator.framework",
				"${TARGET_BUILD_DIR}/${FRAMEWORKS_FOLDER_PATH}/DynamicBlurView.framework",
				"${TARGET_BUILD_DIR}/${FRAMEWORKS_FOLDER_PATH}/Fusuma.framework",
				"${TARGET_BUILD_DIR}/${FRAMEWORKS_FOLDER_PATH}/GTMSessionFetcher.framework",
				"${TARGET_BUILD_DIR}/${FRAMEWORKS_FOLDER_PATH}/GoogleAPIClientForREST.framework",
				"${TARGET_BUILD_DIR}/${FRAMEWORKS_FOLDER_PATH}/GoogleToolboxForMac.framework",
				"${TARGET_BUILD_DIR}/${FRAMEWORKS_FOLDER_PATH}/MYTableViewIndex.framework",
				"${TARGET_BUILD_DIR}/${FRAMEWORKS_FOLDER_PATH}/MarqueeLabel.framework",
				"${TARGET_BUILD_DIR}/${FRAMEWORKS_FOLDER_PATH}/NotificationBannerSwift.framework",
				"${TARGET_BUILD_DIR}/${FRAMEWORKS_FOLDER_PATH}/PopupDialog.framework",
				"${TARGET_BUILD_DIR}/${FRAMEWORKS_FOLDER_PATH}/Reachability.framework",
				"${TARGET_BUILD_DIR}/${FRAMEWORKS_FOLDER_PATH}/RxAlamofire.framework",
				"${TARGET_BUILD_DIR}/${FRAMEWORKS_FOLDER_PATH}/RxAtomic.framework",
				"${TARGET_BUILD_DIR}/${FRAMEWORKS_FOLDER_PATH}/RxCocoa.framework",
				"${TARGET_BUILD_DIR}/${FRAMEWORKS_FOLDER_PATH}/RxDataSources.framework",
				"${TARGET_BUILD_DIR}/${FRAMEWORKS_FOLDER_PATH}/RxGesture.framework",
				"${TARGET_BUILD_DIR}/${FRAMEWORKS_FOLDER_PATH}/RxReachability.framework",
				"${TARGET_BUILD_DIR}/${FRAMEWORKS_FOLDER_PATH}/RxSkeleton.framework",
				"${TARGET_BUILD_DIR}/${FRAMEWORKS_FOLDER_PATH}/RxSwift.framework",
				"${TARGET_BUILD_DIR}/${FRAMEWORKS_FOLDER_PATH}/RxSwiftExt.framework",
				"${TARGET_BUILD_DIR}/${FRAMEWORKS_FOLDER_PATH}/SkeletonView.framework",
				"${TARGET_BUILD_DIR}/${FRAMEWORKS_FOLDER_PATH}/SnapKit.framework",
				"${TARGET_BUILD_DIR}/${FRAMEWORKS_FOLDER_PATH}/SwifterSwift.framework",
				"${TARGET_BUILD_DIR}/${FRAMEWORKS_FOLDER_PATH}/YangMingShan.framework",
			);
			runOnlyForDeploymentPostprocessing = 0;
			shellPath = /bin/sh;
			shellScript = "\"${PODS_ROOT}/Target Support Files/Pods-Site Assessment Commercial/Pods-Site Assessment Commercial-frameworks.sh\"\n";
			showEnvVarsInLog = 0;
		};
		DDE7F2DF2253EE170053B976 /* ShellScript */ = {
			isa = PBXShellScriptBuildPhase;
			buildActionMask = 2147483647;
			files = (
			);
			inputFileListPaths = (
			);
			inputPaths = (
			);
			outputFileListPaths = (
			);
			outputPaths = (
			);
			runOnlyForDeploymentPostprocessing = 0;
			shellPath = /bin/sh;
			shellScript = "buildNumber=$(/usr/libexec/PlistBuddy -c \"Print CFBundleVersion\" \"${PROJECT_DIR}/${INFOPLIST_FILE}\")\nbuildNumber=$(($buildNumber + 1))\n/usr/libexec/PlistBuddy -c \"Set :CFBundleVersion $buildNumber\" \"${PROJECT_DIR}/${INFOPLIST_FILE}\"\n";
		};
/* End PBXShellScriptBuildPhase section */

/* Begin PBXSourcesBuildPhase section */
		DD76BEF621A85D7600A65352 /* Sources */ = {
			isa = PBXSourcesBuildPhase;
			buildActionMask = 2147483647;
			files = (
				DD767336222E0ED7001F87F7 /* NotificationCenter+Name.swift in Sources */,
				DD8AE18E21BACA6A00969F12 /* NewProjectReportViewModel.swift in Sources */,
				DD76BF1E21A86BC900A65352 /* SettingsCell.swift in Sources */,
				DD4E490922284870004FE180 /* ReviewViewModel.swift in Sources */,
				DD76BF2221A8747600A65352 /* ProjectInformationViewController.swift in Sources */,
				DD767338222E1427001F87F7 /* BaseViewController.swift in Sources */,
				DD48637021B990660058EDA3 /* NewProjectReportCell.swift in Sources */,
				DDCE69ED2224968000468CDE /* ZohoService.swift in Sources */,
				DD0D742F224BD6B800D9C06F /* ImageViewController.swift in Sources */,
				DDE7F2DE225305BF0053B976 /* NewProjectViewController.swift in Sources */,
				DD76BEFE21A85D7600A65352 /* AppDelegate.swift in Sources */,
				DD76DBD8221DC76E00DFC9D5 /* GoogleService.swift in Sources */,
				DD76BF1621A86A8200A65352 /* MainCell.swift in Sources */,
				DDEC154921B1DA4C00BF4083 /* ProjectInformationViewModel.swift in Sources */,
				DD909D6B21B04F1E00BC9736 /* SADTO.swift in Sources */,
				DDCDEA3B22176B3C0000B210 /* UIViewController+HideKeyboard.swift in Sources */,
				DD9483E1223DC4970084CE4D /* Array+Indices+IndexPath.swift in Sources */,
				DD6BC1D921FB846200D0AB48 /* SaveToCustomAlbum.swift in Sources */,
				DD76BF1021A85F7100A65352 /* SettingsViewController.swift in Sources */,
				DD17AD2422442E86005DF780 /* UITextView+Frame.swift in Sources */,
				DD85EC0921ED02CE009C8F4A /* MyCheckBox.swift in Sources */,
				DDEDF4D9221C9D9000F0C2F8 /* GoogleAccessViewCtontroller.swift in Sources */,
				DD8AE19221C017AF00969F12 /* CollectionReusableView.swift in Sources */,
				DDA818AC223C49A800A1CA80 /* UIViewController+SetBackground.swift in Sources */,
				DD4D1C54224D4D91001DF5AC /* TableViewIndex+BackgroundView.swift in Sources */,
				DDE7F2D722526F5C0053B976 /* AboutViewController.swift in Sources */,
				DDB3A6B72232171600B57A69 /* Encodable+Dictionary.swift in Sources */,
				DD76BF1A21A86AE200A65352 /* MainViewController.swift in Sources */,
				DD76BF2421A874D300A65352 /* InformationCell.swift in Sources */,
				DD76BF2021A86C7500A65352 /* ReviewCell.swift in Sources */,
				DD8B6D6F223C80400022D7A8 /* PopupDialog+GroupingBy.swift in Sources */,
				DD412EE5222EC00100D6FD2F /* LoadingIndicatorView.swift in Sources */,
				DD76BF1421A8629C00A65352 /* ReviewViewController.swift in Sources */,
				DD3EE64421E4F1750094E29D /* ImageGalleryCollectionView.swift in Sources */,
				DD76BF1221A8622E00A65352 /* NewProjectReportViewController.swift in Sources */,
				DD81CFE921C44D5D00FBE53E /* CollectionViewFlowLayout.swift in Sources */,
				DD909D6621AF26A300BC9736 /* NetworkService.swift in Sources */,
				DDDD2352221F07430067D6EF /* GoogleSIgnOutView.swift in Sources */,
				DD76BF2621A8AB8000A65352 /* MainViewModel.swift in Sources */,
				DDEC154721B1D78700BF4083 /* DataStorageService.swift in Sources */,
			);
			runOnlyForDeploymentPostprocessing = 0;
		};
		DD7925952256891200855B68 /* Sources */ = {
			isa = PBXSourcesBuildPhase;
			buildActionMask = 2147483647;
			files = (
				DD79259C2256891200855B68 /* Site_Assessment_CommercialUITests.swift in Sources */,
			);
			runOnlyForDeploymentPostprocessing = 0;
		};
		DD7925A32256891800855B68 /* Sources */ = {
			isa = PBXSourcesBuildPhase;
			buildActionMask = 2147483647;
			files = (
				DD7925AA2256891900855B68 /* Site_Assessment_CommercialTests.swift in Sources */,
			);
			runOnlyForDeploymentPostprocessing = 0;
		};
/* End PBXSourcesBuildPhase section */

/* Begin PBXTargetDependency section */
		DD79259F2256891200855B68 /* PBXTargetDependency */ = {
			isa = PBXTargetDependency;
			target = DD76BEF921A85D7600A65352 /* Site Assessment Commercial */;
			targetProxy = DD79259E2256891200855B68 /* PBXContainerItemProxy */;
		};
		DD7925AD2256891900855B68 /* PBXTargetDependency */ = {
			isa = PBXTargetDependency;
			target = DD76BEF921A85D7600A65352 /* Site Assessment Commercial */;
			targetProxy = DD7925AC2256891900855B68 /* PBXContainerItemProxy */;
		};
/* End PBXTargetDependency section */

/* Begin PBXVariantGroup section */
		DD76BF0121A85D7600A65352 /* Main.storyboard */ = {
			isa = PBXVariantGroup;
			children = (
				DD76BF0221A85D7600A65352 /* Base */,
			);
			name = Main.storyboard;
			sourceTree = "<group>";
		};
		DD76BF0621A85D7800A65352 /* LaunchScreen.storyboard */ = {
			isa = PBXVariantGroup;
			children = (
				DD76BF0721A85D7800A65352 /* Base */,
			);
			name = LaunchScreen.storyboard;
			sourceTree = "<group>";
		};
/* End PBXVariantGroup section */

/* Begin XCBuildConfiguration section */
		DD76BF0A21A85D7800A65352 /* Debug */ = {
			isa = XCBuildConfiguration;
			buildSettings = {
				ALWAYS_SEARCH_USER_PATHS = NO;
				CLANG_ANALYZER_NONNULL = YES;
				CLANG_ANALYZER_NUMBER_OBJECT_CONVERSION = YES_AGGRESSIVE;
				CLANG_CXX_LANGUAGE_STANDARD = "gnu++14";
				CLANG_CXX_LIBRARY = "libc++";
				CLANG_ENABLE_MODULES = YES;
				CLANG_ENABLE_OBJC_ARC = YES;
				CLANG_ENABLE_OBJC_WEAK = YES;
				CLANG_WARN_BLOCK_CAPTURE_AUTORELEASING = YES;
				CLANG_WARN_BOOL_CONVERSION = YES;
				CLANG_WARN_COMMA = YES;
				CLANG_WARN_CONSTANT_CONVERSION = YES;
				CLANG_WARN_DEPRECATED_OBJC_IMPLEMENTATIONS = YES;
				CLANG_WARN_DIRECT_OBJC_ISA_USAGE = YES_ERROR;
				CLANG_WARN_DOCUMENTATION_COMMENTS = YES;
				CLANG_WARN_EMPTY_BODY = YES;
				CLANG_WARN_ENUM_CONVERSION = YES;
				CLANG_WARN_INFINITE_RECURSION = YES;
				CLANG_WARN_INT_CONVERSION = YES;
				CLANG_WARN_NON_LITERAL_NULL_CONVERSION = YES;
				CLANG_WARN_OBJC_IMPLICIT_RETAIN_SELF = YES;
				CLANG_WARN_OBJC_LITERAL_CONVERSION = YES;
				CLANG_WARN_OBJC_ROOT_CLASS = YES_ERROR;
				CLANG_WARN_RANGE_LOOP_ANALYSIS = YES;
				CLANG_WARN_STRICT_PROTOTYPES = YES;
				CLANG_WARN_SUSPICIOUS_MOVE = YES;
				CLANG_WARN_UNGUARDED_AVAILABILITY = YES_AGGRESSIVE;
				CLANG_WARN_UNREACHABLE_CODE = YES;
				CLANG_WARN__DUPLICATE_METHOD_MATCH = YES;
				CODE_SIGN_IDENTITY = "iPhone Developer";
				COPY_PHASE_STRIP = NO;
				DEBUG_INFORMATION_FORMAT = dwarf;
				ENABLE_STRICT_OBJC_MSGSEND = YES;
				ENABLE_TESTABILITY = YES;
				GCC_C_LANGUAGE_STANDARD = gnu11;
				GCC_DYNAMIC_NO_PIC = NO;
				GCC_NO_COMMON_BLOCKS = YES;
				GCC_OPTIMIZATION_LEVEL = 0;
				GCC_PREPROCESSOR_DEFINITIONS = (
					"DEBUG=1",
					"$(inherited)",
				);
				GCC_WARN_64_TO_32_BIT_CONVERSION = YES;
				GCC_WARN_ABOUT_RETURN_TYPE = YES_ERROR;
				GCC_WARN_UNDECLARED_SELECTOR = YES;
				GCC_WARN_UNINITIALIZED_AUTOS = YES_AGGRESSIVE;
				GCC_WARN_UNUSED_FUNCTION = YES;
				GCC_WARN_UNUSED_VARIABLE = YES;
				IPHONEOS_DEPLOYMENT_TARGET = 12.1;
				MTL_ENABLE_DEBUG_INFO = INCLUDE_SOURCE;
				MTL_FAST_MATH = YES;
				ONLY_ACTIVE_ARCH = YES;
				SDKROOT = iphoneos;
				SWIFT_ACTIVE_COMPILATION_CONDITIONS = DEBUG;
				SWIFT_OPTIMIZATION_LEVEL = "-Onone";
			};
			name = Debug;
		};
		DD76BF0B21A85D7800A65352 /* Release */ = {
			isa = XCBuildConfiguration;
			buildSettings = {
				ALWAYS_SEARCH_USER_PATHS = NO;
				CLANG_ANALYZER_NONNULL = YES;
				CLANG_ANALYZER_NUMBER_OBJECT_CONVERSION = YES_AGGRESSIVE;
				CLANG_CXX_LANGUAGE_STANDARD = "gnu++14";
				CLANG_CXX_LIBRARY = "libc++";
				CLANG_ENABLE_MODULES = YES;
				CLANG_ENABLE_OBJC_ARC = YES;
				CLANG_ENABLE_OBJC_WEAK = YES;
				CLANG_WARN_BLOCK_CAPTURE_AUTORELEASING = YES;
				CLANG_WARN_BOOL_CONVERSION = YES;
				CLANG_WARN_COMMA = YES;
				CLANG_WARN_CONSTANT_CONVERSION = YES;
				CLANG_WARN_DEPRECATED_OBJC_IMPLEMENTATIONS = YES;
				CLANG_WARN_DIRECT_OBJC_ISA_USAGE = YES_ERROR;
				CLANG_WARN_DOCUMENTATION_COMMENTS = YES;
				CLANG_WARN_EMPTY_BODY = YES;
				CLANG_WARN_ENUM_CONVERSION = YES;
				CLANG_WARN_INFINITE_RECURSION = YES;
				CLANG_WARN_INT_CONVERSION = YES;
				CLANG_WARN_NON_LITERAL_NULL_CONVERSION = YES;
				CLANG_WARN_OBJC_IMPLICIT_RETAIN_SELF = YES;
				CLANG_WARN_OBJC_LITERAL_CONVERSION = YES;
				CLANG_WARN_OBJC_ROOT_CLASS = YES_ERROR;
				CLANG_WARN_RANGE_LOOP_ANALYSIS = YES;
				CLANG_WARN_STRICT_PROTOTYPES = YES;
				CLANG_WARN_SUSPICIOUS_MOVE = YES;
				CLANG_WARN_UNGUARDED_AVAILABILITY = YES_AGGRESSIVE;
				CLANG_WARN_UNREACHABLE_CODE = YES;
				CLANG_WARN__DUPLICATE_METHOD_MATCH = YES;
				CODE_SIGN_IDENTITY = "iPhone Developer";
				COPY_PHASE_STRIP = NO;
				DEBUG_INFORMATION_FORMAT = "dwarf-with-dsym";
				ENABLE_NS_ASSERTIONS = NO;
				ENABLE_STRICT_OBJC_MSGSEND = YES;
				GCC_C_LANGUAGE_STANDARD = gnu11;
				GCC_NO_COMMON_BLOCKS = YES;
				GCC_WARN_64_TO_32_BIT_CONVERSION = YES;
				GCC_WARN_ABOUT_RETURN_TYPE = YES_ERROR;
				GCC_WARN_UNDECLARED_SELECTOR = YES;
				GCC_WARN_UNINITIALIZED_AUTOS = YES_AGGRESSIVE;
				GCC_WARN_UNUSED_FUNCTION = YES;
				GCC_WARN_UNUSED_VARIABLE = YES;
				IPHONEOS_DEPLOYMENT_TARGET = 12.1;
				MTL_ENABLE_DEBUG_INFO = NO;
				MTL_FAST_MATH = YES;
				SDKROOT = iphoneos;
				SWIFT_COMPILATION_MODE = wholemodule;
				SWIFT_OPTIMIZATION_LEVEL = "-O";
				VALIDATE_PRODUCT = YES;
			};
			name = Release;
		};
		DD76BF0D21A85D7800A65352 /* Debug */ = {
			isa = XCBuildConfiguration;
			baseConfigurationReference = CD3D4EF6F70EB09AC05F271F /* Pods-Site Assessment Commercial.debug.xcconfig */;
			buildSettings = {
				ASSETCATALOG_COMPILER_APPICON_NAME = AppIcon;
				CODE_SIGN_STYLE = Automatic;
				DEVELOPMENT_TEAM = BN4H5C83Z9;
				INFOPLIST_FILE = "Site Assessment Commercial/Info.plist";
				LD_RUNPATH_SEARCH_PATHS = (
					"$(inherited)",
					"@executable_path/Frameworks",
				);
				PRODUCT_BUNDLE_IDENTIFIER = "chyapp.Site-Assessment-Commercial";
				PRODUCT_NAME = "$(TARGET_NAME)";
				SWIFT_VERSION = 5.0;
				TARGETED_DEVICE_FAMILY = "1,2";
			};
			name = Debug;
		};
		DD76BF0E21A85D7800A65352 /* Release */ = {
			isa = XCBuildConfiguration;
			baseConfigurationReference = D38745A09F38BE1C10B8782F /* Pods-Site Assessment Commercial.release.xcconfig */;
			buildSettings = {
				ASSETCATALOG_COMPILER_APPICON_NAME = AppIcon;
				CODE_SIGN_STYLE = Automatic;
				DEVELOPMENT_TEAM = BN4H5C83Z9;
				INFOPLIST_FILE = "Site Assessment Commercial/Info.plist";
				LD_RUNPATH_SEARCH_PATHS = (
					"$(inherited)",
					"@executable_path/Frameworks",
				);
				PRODUCT_BUNDLE_IDENTIFIER = "chyapp.Site-Assessment-Commercial";
				PRODUCT_NAME = "$(TARGET_NAME)";
				SWIFT_VERSION = 5.0;
				TARGETED_DEVICE_FAMILY = "1,2";
			};
			name = Release;
		};
		DD7925A02256891200855B68 /* Debug */ = {
			isa = XCBuildConfiguration;
			buildSettings = {
				CODE_SIGN_STYLE = Automatic;
				DEVELOPMENT_TEAM = BN4H5C83Z9;
				INFOPLIST_FILE = "Site Assessment CommercialUITests/Info.plist";
				IPHONEOS_DEPLOYMENT_TARGET = 12.2;
				LD_RUNPATH_SEARCH_PATHS = (
					"$(inherited)",
					"@executable_path/Frameworks",
					"@loader_path/Frameworks",
				);
				PRODUCT_BUNDLE_IDENTIFIER = "chyapp.Site-Assessment-CommercialUITests";
				PRODUCT_NAME = "$(TARGET_NAME)";
				SWIFT_VERSION = 5.0;
				TARGETED_DEVICE_FAMILY = "1,2";
				TEST_TARGET_NAME = "Site Assessment Commercial";
			};
			name = Debug;
		};
		DD7925A12256891200855B68 /* Release */ = {
			isa = XCBuildConfiguration;
			buildSettings = {
				CODE_SIGN_STYLE = Automatic;
				DEVELOPMENT_TEAM = BN4H5C83Z9;
				INFOPLIST_FILE = "Site Assessment CommercialUITests/Info.plist";
				IPHONEOS_DEPLOYMENT_TARGET = 12.2;
				LD_RUNPATH_SEARCH_PATHS = (
					"$(inherited)",
					"@executable_path/Frameworks",
					"@loader_path/Frameworks",
				);
				PRODUCT_BUNDLE_IDENTIFIER = "chyapp.Site-Assessment-CommercialUITests";
				PRODUCT_NAME = "$(TARGET_NAME)";
				SWIFT_VERSION = 5.0;
				TARGETED_DEVICE_FAMILY = "1,2";
				TEST_TARGET_NAME = "Site Assessment Commercial";
			};
			name = Release;
		};
		DD7925AF2256891900855B68 /* Debug */ = {
			isa = XCBuildConfiguration;
			buildSettings = {
				BUNDLE_LOADER = "$(TEST_HOST)";
				CODE_SIGN_STYLE = Automatic;
				DEVELOPMENT_TEAM = BN4H5C83Z9;
				INFOPLIST_FILE = "Site Assessment CommercialTests/Info.plist";
				IPHONEOS_DEPLOYMENT_TARGET = 12.2;
				LD_RUNPATH_SEARCH_PATHS = (
					"$(inherited)",
					"@executable_path/Frameworks",
					"@loader_path/Frameworks",
				);
				PRODUCT_BUNDLE_IDENTIFIER = "chyapp.Site-Assessment-CommercialTests";
				PRODUCT_NAME = "$(TARGET_NAME)";
				SWIFT_VERSION = 5.0;
				TARGETED_DEVICE_FAMILY = "1,2";
				TEST_HOST = "$(BUILT_PRODUCTS_DIR)/Site Assessment Commercial.app/Site Assessment Commercial";
			};
			name = Debug;
		};
		DD7925B02256891900855B68 /* Release */ = {
			isa = XCBuildConfiguration;
			buildSettings = {
				BUNDLE_LOADER = "$(TEST_HOST)";
				CODE_SIGN_STYLE = Automatic;
				DEVELOPMENT_TEAM = BN4H5C83Z9;
				INFOPLIST_FILE = "Site Assessment CommercialTests/Info.plist";
				IPHONEOS_DEPLOYMENT_TARGET = 12.2;
				LD_RUNPATH_SEARCH_PATHS = (
					"$(inherited)",
					"@executable_path/Frameworks",
					"@loader_path/Frameworks",
				);
				PRODUCT_BUNDLE_IDENTIFIER = "chyapp.Site-Assessment-CommercialTests";
				PRODUCT_NAME = "$(TARGET_NAME)";
				SWIFT_VERSION = 5.0;
				TARGETED_DEVICE_FAMILY = "1,2";
				TEST_HOST = "$(BUILT_PRODUCTS_DIR)/Site Assessment Commercial.app/Site Assessment Commercial";
			};
			name = Release;
		};
/* End XCBuildConfiguration section */

/* Begin XCConfigurationList section */
		DD76BEF521A85D7600A65352 /* Build configuration list for PBXProject "Site Assessment Commercial" */ = {
			isa = XCConfigurationList;
			buildConfigurations = (
				DD76BF0A21A85D7800A65352 /* Debug */,
				DD76BF0B21A85D7800A65352 /* Release */,
			);
			defaultConfigurationIsVisible = 0;
			defaultConfigurationName = Release;
		};
		DD76BF0C21A85D7800A65352 /* Build configuration list for PBXNativeTarget "Site Assessment Commercial" */ = {
			isa = XCConfigurationList;
			buildConfigurations = (
				DD76BF0D21A85D7800A65352 /* Debug */,
				DD76BF0E21A85D7800A65352 /* Release */,
			);
			defaultConfigurationIsVisible = 0;
			defaultConfigurationName = Release;
		};
		DD7925A22256891200855B68 /* Build configuration list for PBXNativeTarget "Site Assessment CommercialUITests" */ = {
			isa = XCConfigurationList;
			buildConfigurations = (
				DD7925A02256891200855B68 /* Debug */,
				DD7925A12256891200855B68 /* Release */,
			);
			defaultConfigurationIsVisible = 0;
			defaultConfigurationName = Release;
		};
		DD7925AE2256891900855B68 /* Build configuration list for PBXNativeTarget "Site Assessment CommercialTests" */ = {
			isa = XCConfigurationList;
			buildConfigurations = (
				DD7925AF2256891900855B68 /* Debug */,
				DD7925B02256891900855B68 /* Release */,
			);
			defaultConfigurationIsVisible = 0;
			defaultConfigurationName = Release;
		};
/* End XCConfigurationList section */
	};
	rootObject = DD76BEF221A85D7600A65352 /* Project object */;
}
