// !$*UTF8*$!
{
	archiveVersion = 1;
	classes = {
	};
	objectVersion = 50;
	objects = {

/* Begin PBXBuildFile section */
		DD76BEFE21A85D7600A65352 /* AppDelegate.swift in Sources */ = {isa = PBXBuildFile; fileRef = DD76BEFD21A85D7600A65352 /* AppDelegate.swift */; };
		DD76BF0021A85D7600A65352 /* ViewController.swift in Sources */ = {isa = PBXBuildFile; fileRef = DD76BEFF21A85D7600A65352 /* ViewController.swift */; };
		DD76BF0321A85D7600A65352 /* Main.storyboard in Resources */ = {isa = PBXBuildFile; fileRef = DD76BF0121A85D7600A65352 /* Main.storyboard */; };
		DD76BF0521A85D7800A65352 /* Assets.xcassets in Resources */ = {isa = PBXBuildFile; fileRef = DD76BF0421A85D7800A65352 /* Assets.xcassets */; };
		DD76BF0821A85D7800A65352 /* LaunchScreen.storyboard in Resources */ = {isa = PBXBuildFile; fileRef = DD76BF0621A85D7800A65352 /* LaunchScreen.storyboard */; };
/* End PBXBuildFile section */

/* Begin PBXFileReference section */
		DD76BEFA21A85D7600A65352 /* Site Assessment Commercial.app */ = {isa = PBXFileReference; explicitFileType = wrapper.application; includeInIndex = 0; path = "Site Assessment Commercial.app"; sourceTree = BUILT_PRODUCTS_DIR; };
		DD76BEFD21A85D7600A65352 /* AppDelegate.swift */ = {isa = PBXFileReference; lastKnownFileType = sourcecode.swift; path = AppDelegate.swift; sourceTree = "<group>"; };
		DD76BEFF21A85D7600A65352 /* ViewController.swift */ = {isa = PBXFileReference; lastKnownFileType = sourcecode.swift; path = ViewController.swift; sourceTree = "<group>"; };
		DD76BF0221A85D7600A65352 /* Base */ = {isa = PBXFileReference; lastKnownFileType = file.storyboard; name = Base; path = Base.lproj/Main.storyboard; sourceTree = "<group>"; };
		DD76BF0421A85D7800A65352 /* Assets.xcassets */ = {isa = PBXFileReference; lastKnownFileType = folder.assetcatalog; path = Assets.xcassets; sourceTree = "<group>"; };
		DD76BF0721A85D7800A65352 /* Base */ = {isa = PBXFileReference; lastKnownFileType = file.storyboard; name = Base; path = Base.lproj/LaunchScreen.storyboard; sourceTree = "<group>"; };
		DD76BF0921A85D7800A65352 /* Info.plist */ = {isa = PBXFileReference; lastKnownFileType = text.plist.xml; path = Info.plist; sourceTree = "<group>"; };
/* End PBXFileReference section */

/* Begin PBXFrameworksBuildPhase section */
		DD76BEF721A85D7600A65352 /* Frameworks */ = {
			isa = PBXFrameworksBuildPhase;
			buildActionMask = 2147483647;
			files = (
			);
			runOnlyForDeploymentPostprocessing = 0;
		};
/* End PBXFrameworksBuildPhase section */

/* Begin PBXGroup section */
		DD76BEF121A85D7600A65352 = {
			isa = PBXGroup;
			children = (
				DD76BEFC21A85D7600A65352 /* Site Assessment Commercial */,
				DD76BEFB21A85D7600A65352 /* Products */,
			);
			sourceTree = "<group>";
		};
		DD76BEFB21A85D7600A65352 /* Products */ = {
			isa = PBXGroup;
			children = (
				DD76BEFA21A85D7600A65352 /* Site Assessment Commercial.app */,
			);
			name = Products;
			sourceTree = "<group>";
		};
		DD76BEFC21A85D7600A65352 /* Site Assessment Commercial */ = {
			isa = PBXGroup;
			children = (
				DD76BEFD21A85D7600A65352 /* AppDelegate.swift */,
				DD76BEFF21A85D7600A65352 /* ViewController.swift */,
				DD76BF0121A85D7600A65352 /* Main.storyboard */,
				DD76BF0421A85D7800A65352 /* Assets.xcassets */,
				DD76BF0621A85D7800A65352 /* LaunchScreen.storyboard */,
				DD76BF0921A85D7800A65352 /* Info.plist */,
			);
			path = "Site Assessment Commercial";
			sourceTree = "<group>";
		};
/* End PBXGroup section */

/* Begin PBXNativeTarget section */
		DD76BEF921A85D7600A65352 /* Site Assessment Commercial */ = {
			isa = PBXNativeTarget;
			buildConfigurationList = DD76BF0C21A85D7800A65352 /* Build configuration list for PBXNativeTarget "Site Assessment Commercial" */;
			buildPhases = (
				DD76BEF621A85D7600A65352 /* Sources */,
				DD76BEF721A85D7600A65352 /* Frameworks */,
				DD76BEF821A85D7600A65352 /* Resources */,
			);
			buildRules = (
			);
			dependencies = (
			);
			name = "Site Assessment Commercial";
			productName = "Site Assessment Commercial";
			productReference = DD76BEFA21A85D7600A65352 /* Site Assessment Commercial.app */;
			productType = "com.apple.product-type.application";
		};
/* End PBXNativeTarget section */

/* Begin PBXProject section */
		DD76BEF221A85D7600A65352 /* Project object */ = {
			isa = PBXProject;
			attributes = {
				LastSwiftUpdateCheck = 1010;
				LastUpgradeCheck = 1010;
				ORGANIZATIONNAME = chyapp.com;
				TargetAttributes = {
					DD76BEF921A85D7600A65352 = {
						CreatedOnToolsVersion = 10.1;
					};
				};
			};
			buildConfigurationList = DD76BEF521A85D7600A65352 /* Build configuration list for PBXProject "Site Assessment Commercial" */;
			compatibilityVersion = "Xcode 9.3";
			developmentRegion = en;
			hasScannedForEncodings = 0;
			knownRegions = (
				en,
				Base,
			);
			mainGroup = DD76BEF121A85D7600A65352;
			productRefGroup = DD76BEFB21A85D7600A65352 /* Products */;
			projectDirPath = "";
			projectRoot = "";
			targets = (
				DD76BEF921A85D7600A65352 /* Site Assessment Commercial */,
			);
		};
/* End PBXProject section */

/* Begin PBXResourcesBuildPhase section */
		DD76BEF821A85D7600A65352 /* Resources */ = {
			isa = PBXResourcesBuildPhase;
			buildActionMask = 2147483647;
			files = (
				DD76BF0821A85D7800A65352 /* LaunchScreen.storyboard in Resources */,
				DD76BF0521A85D7800A65352 /* Assets.xcassets in Resources */,
				DD76BF0321A85D7600A65352 /* Main.storyboard in Resources */,
			);
			runOnlyForDeploymentPostprocessing = 0;
		};
/* End PBXResourcesBuildPhase section */

/* Begin PBXSourcesBuildPhase section */
		DD76BEF621A85D7600A65352 /* Sources */ = {
			isa = PBXSourcesBuildPhase;
			buildActionMask = 2147483647;
			files = (
				DD76BF0021A85D7600A65352 /* ViewController.swift in Sources */,
				DD76BEFE21A85D7600A65352 /* AppDelegate.swift in Sources */,
			);
			runOnlyForDeploymentPostprocessing = 0;
		};
/* End PBXSourcesBuildPhase section */

/* Begin PBXVariantGroup section */
		DD76BF0121A85D7600A65352 /* Main.storyboard */ = {
			isa = PBXVariantGroup;
			children = (
				DD76BF0221A85D7600A65352 /* Base */,
			);
			name = Main.storyboard;
			sourceTree = "<group>";
		};
		DD76BF0621A85D7800A65352 /* LaunchScreen.storyboard */ = {
			isa = PBXVariantGroup;
			children = (
				DD76BF0721A85D7800A65352 /* Base */,
			);
			name = LaunchScreen.storyboard;
			sourceTree = "<group>";
		};
/* End PBXVariantGroup section */

/* Begin XCBuildConfiguration section */
		DD76BF0A21A85D7800A65352 /* Debug */ = {
			isa = XCBuildConfiguration;
			buildSettings = {
				ALWAYS_SEARCH_USER_PATHS = NO;
				CLANG_ANALYZER_NONNULL = YES;
				CLANG_ANALYZER_NUMBER_OBJECT_CONVERSION = YES_AGGRESSIVE;
				CLANG_CXX_LANGUAGE_STANDARD = "gnu++14";
				CLANG_CXX_LIBRARY = "libc++";
				CLANG_ENABLE_MODULES = YES;
				CLANG_ENABLE_OBJC_ARC = YES;
				CLANG_ENABLE_OBJC_WEAK = YES;
				CLANG_WARN_BLOCK_CAPTURE_AUTORELEASING = YES;
				CLANG_WARN_BOOL_CONVERSION = YES;
				CLANG_WARN_COMMA = YES;
				CLANG_WARN_CONSTANT_CONVERSION = YES;
				CLANG_WARN_DEPRECATED_OBJC_IMPLEMENTATIONS = YES;
				CLANG_WARN_DIRECT_OBJC_ISA_USAGE = YES_ERROR;
				CLANG_WARN_DOCUMENTATION_COMMENTS = YES;
				CLANG_WARN_EMPTY_BODY = YES;
				CLANG_WARN_ENUM_CONVERSION = YES;
				CLANG_WARN_INFINITE_RECURSION = YES;
				CLANG_WARN_INT_CONVERSION = YES;
				CLANG_WARN_NON_LITERAL_NULL_CONVERSION = YES;
				CLANG_WARN_OBJC_IMPLICIT_RETAIN_SELF = YES;
				CLANG_WARN_OBJC_LITERAL_CONVERSION = YES;
				CLANG_WARN_OBJC_ROOT_CLASS = YES_ERROR;
				CLANG_WARN_RANGE_LOOP_ANALYSIS = YES;
				CLANG_WARN_STRICT_PROTOTYPES = YES;
				CLANG_WARN_SUSPICIOUS_MOVE = YES;
				CLANG_WARN_UNGUARDED_AVAILABILITY = YES_AGGRESSIVE;
				CLANG_WARN_UNREACHABLE_CODE = YES;
				CLANG_WARN__DUPLICATE_METHOD_MATCH = YES;
				CODE_SIGN_IDENTITY = "iPhone Developer";
				COPY_PHASE_STRIP = NO;
				DEBUG_INFORMATION_FORMAT = dwarf;
				ENABLE_STRICT_OBJC_MSGSEND = YES;
				ENABLE_TESTABILITY = YES;
				GCC_C_LANGUAGE_STANDARD = gnu11;
				GCC_DYNAMIC_NO_PIC = NO;
				GCC_NO_COMMON_BLOCKS = YES;
				GCC_OPTIMIZATION_LEVEL = 0;
				GCC_PREPROCESSOR_DEFINITIONS = (
					"DEBUG=1",
					"$(inherited)",
				);
				GCC_WARN_64_TO_32_BIT_CONVERSION = YES;
				GCC_WARN_ABOUT_RETURN_TYPE = YES_ERROR;
				GCC_WARN_UNDECLARED_SELECTOR = YES;
				GCC_WARN_UNINITIALIZED_AUTOS = YES_AGGRESSIVE;
				GCC_WARN_UNUSED_FUNCTION = YES;
				GCC_WARN_UNUSED_VARIABLE = YES;
				IPHONEOS_DEPLOYMENT_TARGET = 12.1;
				MTL_ENABLE_DEBUG_INFO = INCLUDE_SOURCE;
				MTL_FAST_MATH = YES;
				ONLY_ACTIVE_ARCH = YES;
				SDKROOT = iphoneos;
				SWIFT_ACTIVE_COMPILATION_CONDITIONS = DEBUG;
				SWIFT_OPTIMIZATION_LEVEL = "-Onone";
			};
			name = Debug;
		};
		DD76BF0B21A85D7800A65352 /* Release */ = {
			isa = XCBuildConfiguration;
			buildSettings = {
				ALWAYS_SEARCH_USER_PATHS = NO;
				CLANG_ANALYZER_NONNULL = YES;
				CLANG_ANALYZER_NUMBER_OBJECT_CONVERSION = YES_AGGRESSIVE;
				CLANG_CXX_LANGUAGE_STANDARD = "gnu++14";
				CLANG_CXX_LIBRARY = "libc++";
				CLANG_ENABLE_MODULES = YES;
				CLANG_ENABLE_OBJC_ARC = YES;
				CLANG_ENABLE_OBJC_WEAK = YES;
				CLANG_WARN_BLOCK_CAPTURE_AUTORELEASING = YES;
				CLANG_WARN_BOOL_CONVERSION = YES;
				CLANG_WARN_COMMA = YES;
				CLANG_WARN_CONSTANT_CONVERSION = YES;
				CLANG_WARN_DEPRECATED_OBJC_IMPLEMENTATIONS = YES;
				CLANG_WARN_DIRECT_OBJC_ISA_USAGE = YES_ERROR;
				CLANG_WARN_DOCUMENTATION_COMMENTS = YES;
				CLANG_WARN_EMPTY_BODY = YES;
				CLANG_WARN_ENUM_CONVERSION = YES;
				CLANG_WARN_INFINITE_RECURSION = YES;
				CLANG_WARN_INT_CONVERSION = YES;
				CLANG_WARN_NON_LITERAL_NULL_CONVERSION = YES;
				CLANG_WARN_OBJC_IMPLICIT_RETAIN_SELF = YES;
				CLANG_WARN_OBJC_LITERAL_CONVERSION = YES;
				CLANG_WARN_OBJC_ROOT_CLASS = YES_ERROR;
				CLANG_WARN_RANGE_LOOP_ANALYSIS = YES;
				CLANG_WARN_STRICT_PROTOTYPES = YES;
				CLANG_WARN_SUSPICIOUS_MOVE = YES;
				CLANG_WARN_UNGUARDED_AVAILABILITY = YES_AGGRESSIVE;
				CLANG_WARN_UNREACHABLE_CODE = YES;
				CLANG_WARN__DUPLICATE_METHOD_MATCH = YES;
				CODE_SIGN_IDENTITY = "iPhone Developer";
				COPY_PHASE_STRIP = NO;
				DEBUG_INFORMATION_FORMAT = "dwarf-with-dsym";
				ENABLE_NS_ASSERTIONS = NO;
				ENABLE_STRICT_OBJC_MSGSEND = YES;
				GCC_C_LANGUAGE_STANDARD = gnu11;
				GCC_NO_COMMON_BLOCKS = YES;
				GCC_WARN_64_TO_32_BIT_CONVERSION = YES;
				GCC_WARN_ABOUT_RETURN_TYPE = YES_ERROR;
				GCC_WARN_UNDECLARED_SELECTOR = YES;
				GCC_WARN_UNINITIALIZED_AUTOS = YES_AGGRESSIVE;
				GCC_WARN_UNUSED_FUNCTION = YES;
				GCC_WARN_UNUSED_VARIABLE = YES;
				IPHONEOS_DEPLOYMENT_TARGET = 12.1;
				MTL_ENABLE_DEBUG_INFO = NO;
				MTL_FAST_MATH = YES;
				SDKROOT = iphoneos;
				SWIFT_COMPILATION_MODE = wholemodule;
				SWIFT_OPTIMIZATION_LEVEL = "-O";
				VALIDATE_PRODUCT = YES;
			};
			name = Release;
		};
		DD76BF0D21A85D7800A65352 /* Debug */ = {
			isa = XCBuildConfiguration;
			buildSettings = {
				ASSETCATALOG_COMPILER_APPICON_NAME = AppIcon;
				CODE_SIGN_STYLE = Automatic;
				DEVELOPMENT_TEAM = BN4H5C83Z9;
				INFOPLIST_FILE = "Site Assessment Commercial/Info.plist";
				LD_RUNPATH_SEARCH_PATHS = (
					"$(inherited)",
					"@executable_path/Frameworks",
				);
				PRODUCT_BUNDLE_IDENTIFIER = "chyapp.Site-Assessment-Commercial";
				PRODUCT_NAME = "$(TARGET_NAME)";
				SWIFT_VERSION = 4.2;
				TARGETED_DEVICE_FAMILY = "1,2";
			};
			name = Debug;
		};
		DD76BF0E21A85D7800A65352 /* Release */ = {
			isa = XCBuildConfiguration;
			buildSettings = {
				ASSETCATALOG_COMPILER_APPICON_NAME = AppIcon;
				CODE_SIGN_STYLE = Automatic;
				DEVELOPMENT_TEAM = BN4H5C83Z9;
				INFOPLIST_FILE = "Site Assessment Commercial/Info.plist";
				LD_RUNPATH_SEARCH_PATHS = (
					"$(inherited)",
					"@executable_path/Frameworks",
				);
				PRODUCT_BUNDLE_IDENTIFIER = "chyapp.Site-Assessment-Commercial";
				PRODUCT_NAME = "$(TARGET_NAME)";
				SWIFT_VERSION = 4.2;
				TARGETED_DEVICE_FAMILY = "1,2";
			};
			name = Release;
		};
/* End XCBuildConfiguration section */

/* Begin XCConfigurationList section */
		DD76BEF521A85D7600A65352 /* Build configuration list for PBXProject "Site Assessment Commercial" */ = {
			isa = XCConfigurationList;
			buildConfigurations = (
				DD76BF0A21A85D7800A65352 /* Debug */,
				DD76BF0B21A85D7800A65352 /* Release */,
			);
			defaultConfigurationIsVisible = 0;
			defaultConfigurationName = Release;
		};
		DD76BF0C21A85D7800A65352 /* Build configuration list for PBXNativeTarget "Site Assessment Commercial" */ = {
			isa = XCConfigurationList;
			buildConfigurations = (
				DD76BF0D21A85D7800A65352 /* Debug */,
				DD76BF0E21A85D7800A65352 /* Release */,
			);
			defaultConfigurationIsVisible = 0;
			defaultConfigurationName = Release;
		};
/* End XCConfigurationList section */
	};
	rootObject = DD76BEF221A85D7600A65352 /* Project object */;
}
