// !$*UTF8*$!
{
	archiveVersion = 1;
	classes = {
	};
	objectVersion = 50;
	objects = {

/* Begin PBXBuildFile section */
		272CB9C59BFB653EAFF22E0B /* Pods_Site_Assessment_Commercial.framework in Frameworks */ = {isa = PBXBuildFile; fileRef = 5EC725C3B8EBD5DEE4ED71F6 /* Pods_Site_Assessment_Commercial.framework */; };
		DD48637021B990660058EDA3 /* NewProjectReportCell.swift in Sources */ = {isa = PBXBuildFile; fileRef = DD48636F21B990660058EDA3 /* NewProjectReportCell.swift */; };
		DD754C6E21AC699400253D58 /* QuestionnaireConfigs.plist in Resources */ = {isa = PBXBuildFile; fileRef = DD754C6D21AC699400253D58 /* QuestionnaireConfigs.plist */; };
		DD76BEFE21A85D7600A65352 /* AppDelegate.swift in Sources */ = {isa = PBXBuildFile; fileRef = DD76BEFD21A85D7600A65352 /* AppDelegate.swift */; };
		DD76BF0321A85D7600A65352 /* Main.storyboard in Resources */ = {isa = PBXBuildFile; fileRef = DD76BF0121A85D7600A65352 /* Main.storyboard */; };
		DD76BF0521A85D7800A65352 /* Assets.xcassets in Resources */ = {isa = PBXBuildFile; fileRef = DD76BF0421A85D7800A65352 /* Assets.xcassets */; };
		DD76BF0821A85D7800A65352 /* LaunchScreen.storyboard in Resources */ = {isa = PBXBuildFile; fileRef = DD76BF0621A85D7800A65352 /* LaunchScreen.storyboard */; };
		DD76BF1021A85F7100A65352 /* SettingsViewController.swift in Sources */ = {isa = PBXBuildFile; fileRef = DD76BF0F21A85F7100A65352 /* SettingsViewController.swift */; };
		DD76BF1221A8622E00A65352 /* NewProjectReportViewController.swift in Sources */ = {isa = PBXBuildFile; fileRef = DD76BF1121A8622E00A65352 /* NewProjectReportViewController.swift */; };
		DD76BF1421A8629C00A65352 /* ReviewViewController.swift in Sources */ = {isa = PBXBuildFile; fileRef = DD76BF1321A8629C00A65352 /* ReviewViewController.swift */; };
		DD76BF1621A86A8200A65352 /* MainCell.swift in Sources */ = {isa = PBXBuildFile; fileRef = DD76BF1521A86A8200A65352 /* MainCell.swift */; };
		DD76BF1A21A86AE200A65352 /* MainViewController.swift in Sources */ = {isa = PBXBuildFile; fileRef = DD76BF1921A86AE200A65352 /* MainViewController.swift */; };
		DD76BF1E21A86BC900A65352 /* SettingsCell.swift in Sources */ = {isa = PBXBuildFile; fileRef = DD76BF1D21A86BC900A65352 /* SettingsCell.swift */; };
		DD76BF2021A86C7500A65352 /* ReviewCell.swift in Sources */ = {isa = PBXBuildFile; fileRef = DD76BF1F21A86C7500A65352 /* ReviewCell.swift */; };
		DD76BF2221A8747600A65352 /* ProjectInformationViewController.swift in Sources */ = {isa = PBXBuildFile; fileRef = DD76BF2121A8747600A65352 /* ProjectInformationViewController.swift */; };
		DD76BF2421A874D300A65352 /* InformationCell.swift in Sources */ = {isa = PBXBuildFile; fileRef = DD76BF2321A874D300A65352 /* InformationCell.swift */; };
		DD76BF2621A8AB8000A65352 /* MainViewModel.swift in Sources */ = {isa = PBXBuildFile; fileRef = DD76BF2521A8AB8000A65352 /* MainViewModel.swift */; };
		DD81CFE921C44D5D00FBE53E /* CollectionViewFlowLayout.swift in Sources */ = {isa = PBXBuildFile; fileRef = DD81CFE821C44D5D00FBE53E /* CollectionViewFlowLayout.swift */; };
		DD81E8CB21E00E3F005FDAF4 /* ImageGalleryTableView.swift in Sources */ = {isa = PBXBuildFile; fileRef = DD81E8CA21E00E3F005FDAF4 /* ImageGalleryTableView.swift */; };
		DD81E8CF21E01128005FDAF4 /* ImageGalleryCell.swift in Sources */ = {isa = PBXBuildFile; fileRef = DD81E8CE21E01128005FDAF4 /* ImageGalleryCell.swift */; };
		DD8AE18E21BACA6A00969F12 /* NewProjectReportViewModel.swift in Sources */ = {isa = PBXBuildFile; fileRef = DD8AE18D21BACA6A00969F12 /* NewProjectReportViewModel.swift */; };
		DD8AE19221C017AF00969F12 /* CollectionReusableView.swift in Sources */ = {isa = PBXBuildFile; fileRef = DD8AE19121C017AF00969F12 /* CollectionReusableView.swift */; };
		DD909D6621AF26A300BC9736 /* NetworkService.swift in Sources */ = {isa = PBXBuildFile; fileRef = DD909D6521AF26A300BC9736 /* NetworkService.swift */; };
		DD909D6B21B04F1E00BC9736 /* SADTO.swift in Sources */ = {isa = PBXBuildFile; fileRef = DD909D6A21B04F1E00BC9736 /* SADTO.swift */; };
		DDEC154721B1D78700BF4083 /* DataStorageService.swift in Sources */ = {isa = PBXBuildFile; fileRef = DDEC154621B1D78700BF4083 /* DataStorageService.swift */; };
		DDEC154921B1DA4C00BF4083 /* ProjectInformationViewModel.swift in Sources */ = {isa = PBXBuildFile; fileRef = DDEC154821B1DA4C00BF4083 /* ProjectInformationViewModel.swift */; };
/* End PBXBuildFile section */

/* Begin PBXFileReference section */
		5EC725C3B8EBD5DEE4ED71F6 /* Pods_Site_Assessment_Commercial.framework */ = {isa = PBXFileReference; explicitFileType = wrapper.framework; includeInIndex = 0; path = Pods_Site_Assessment_Commercial.framework; sourceTree = BUILT_PRODUCTS_DIR; };
		CD3D4EF6F70EB09AC05F271F /* Pods-Site Assessment Commercial.debug.xcconfig */ = {isa = PBXFileReference; includeInIndex = 1; lastKnownFileType = text.xcconfig; name = "Pods-Site Assessment Commercial.debug.xcconfig"; path = "Pods/Target Support Files/Pods-Site Assessment Commercial/Pods-Site Assessment Commercial.debug.xcconfig"; sourceTree = "<group>"; };
		D38745A09F38BE1C10B8782F /* Pods-Site Assessment Commercial.release.xcconfig */ = {isa = PBXFileReference; includeInIndex = 1; lastKnownFileType = text.xcconfig; name = "Pods-Site Assessment Commercial.release.xcconfig"; path = "Pods/Target Support Files/Pods-Site Assessment Commercial/Pods-Site Assessment Commercial.release.xcconfig"; sourceTree = "<group>"; };
		DD48636F21B990660058EDA3 /* NewProjectReportCell.swift */ = {isa = PBXFileReference; lastKnownFileType = sourcecode.swift; path = NewProjectReportCell.swift; sourceTree = "<group>"; };
		DD754C6D21AC699400253D58 /* QuestionnaireConfigs.plist */ = {isa = PBXFileReference; lastKnownFileType = text.plist.xml; path = QuestionnaireConfigs.plist; sourceTree = "<group>"; };
		DD76BEFA21A85D7600A65352 /* Site Assessment Commercial.app */ = {isa = PBXFileReference; explicitFileType = wrapper.application; includeInIndex = 0; path = "Site Assessment Commercial.app"; sourceTree = BUILT_PRODUCTS_DIR; };
		DD76BEFD21A85D7600A65352 /* AppDelegate.swift */ = {isa = PBXFileReference; lastKnownFileType = sourcecode.swift; path = AppDelegate.swift; sourceTree = "<group>"; };
		DD76BF0221A85D7600A65352 /* Base */ = {isa = PBXFileReference; lastKnownFileType = file.storyboard; name = Base; path = Base.lproj/Main.storyboard; sourceTree = "<group>"; };
		DD76BF0421A85D7800A65352 /* Assets.xcassets */ = {isa = PBXFileReference; lastKnownFileType = folder.assetcatalog; path = Assets.xcassets; sourceTree = "<group>"; };
		DD76BF0721A85D7800A65352 /* Base */ = {isa = PBXFileReference; lastKnownFileType = file.storyboard; name = Base; path = Base.lproj/LaunchScreen.storyboard; sourceTree = "<group>"; };
		DD76BF0921A85D7800A65352 /* Info.plist */ = {isa = PBXFileReference; lastKnownFileType = text.plist.xml; path = Info.plist; sourceTree = "<group>"; };
		DD76BF0F21A85F7100A65352 /* SettingsViewController.swift */ = {isa = PBXFileReference; lastKnownFileType = sourcecode.swift; path = SettingsViewController.swift; sourceTree = "<group>"; };
		DD76BF1121A8622E00A65352 /* NewProjectReportViewController.swift */ = {isa = PBXFileReference; lastKnownFileType = sourcecode.swift; path = NewProjectReportViewController.swift; sourceTree = "<group>"; };
		DD76BF1321A8629C00A65352 /* ReviewViewController.swift */ = {isa = PBXFileReference; lastKnownFileType = sourcecode.swift; path = ReviewViewController.swift; sourceTree = "<group>"; };
		DD76BF1521A86A8200A65352 /* MainCell.swift */ = {isa = PBXFileReference; lastKnownFileType = sourcecode.swift; path = MainCell.swift; sourceTree = "<group>"; };
		DD76BF1921A86AE200A65352 /* MainViewController.swift */ = {isa = PBXFileReference; lastKnownFileType = sourcecode.swift; path = MainViewController.swift; sourceTree = "<group>"; };
		DD76BF1D21A86BC900A65352 /* SettingsCell.swift */ = {isa = PBXFileReference; lastKnownFileType = sourcecode.swift; path = SettingsCell.swift; sourceTree = "<group>"; };
		DD76BF1F21A86C7500A65352 /* ReviewCell.swift */ = {isa = PBXFileReference; lastKnownFileType = sourcecode.swift; path = ReviewCell.swift; sourceTree = "<group>"; };
		DD76BF2121A8747600A65352 /* ProjectInformationViewController.swift */ = {isa = PBXFileReference; lastKnownFileType = sourcecode.swift; path = ProjectInformationViewController.swift; sourceTree = "<group>"; };
		DD76BF2321A874D300A65352 /* InformationCell.swift */ = {isa = PBXFileReference; lastKnownFileType = sourcecode.swift; path = InformationCell.swift; sourceTree = "<group>"; };
		DD76BF2521A8AB8000A65352 /* MainViewModel.swift */ = {isa = PBXFileReference; lastKnownFileType = sourcecode.swift; path = MainViewModel.swift; sourceTree = "<group>"; };
		DD81CFE821C44D5D00FBE53E /* CollectionViewFlowLayout.swift */ = {isa = PBXFileReference; lastKnownFileType = sourcecode.swift; path = CollectionViewFlowLayout.swift; sourceTree = "<group>"; };
		DD81E8CA21E00E3F005FDAF4 /* ImageGalleryTableView.swift */ = {isa = PBXFileReference; lastKnownFileType = sourcecode.swift; path = ImageGalleryTableView.swift; sourceTree = "<group>"; };
		DD81E8CE21E01128005FDAF4 /* ImageGalleryCell.swift */ = {isa = PBXFileReference; lastKnownFileType = sourcecode.swift; path = ImageGalleryCell.swift; sourceTree = "<group>"; };
		DD8AE18D21BACA6A00969F12 /* NewProjectReportViewModel.swift */ = {isa = PBXFileReference; lastKnownFileType = sourcecode.swift; path = NewProjectReportViewModel.swift; sourceTree = "<group>"; };
		DD8AE19121C017AF00969F12 /* CollectionReusableView.swift */ = {isa = PBXFileReference; lastKnownFileType = sourcecode.swift; path = CollectionReusableView.swift; sourceTree = "<group>"; };
		DD909D6521AF26A300BC9736 /* NetworkService.swift */ = {isa = PBXFileReference; lastKnownFileType = sourcecode.swift; path = NetworkService.swift; sourceTree = "<group>"; };
		DD909D6A21B04F1E00BC9736 /* SADTO.swift */ = {isa = PBXFileReference; lastKnownFileType = sourcecode.swift; path = SADTO.swift; sourceTree = "<group>"; };
		DDEC154621B1D78700BF4083 /* DataStorageService.swift */ = {isa = PBXFileReference; fileEncoding = 4; lastKnownFileType = sourcecode.swift; path = DataStorageService.swift; sourceTree = "<group>"; };
		DDEC154821B1DA4C00BF4083 /* ProjectInformationViewModel.swift */ = {isa = PBXFileReference; lastKnownFileType = sourcecode.swift; path = ProjectInformationViewModel.swift; sourceTree = "<group>"; };
/* End PBXFileReference section */

/* Begin PBXFrameworksBuildPhase section */
		DD76BEF721A85D7600A65352 /* Frameworks */ = {
			isa = PBXFrameworksBuildPhase;
			buildActionMask = 2147483647;
			files = (
				272CB9C59BFB653EAFF22E0B /* Pods_Site_Assessment_Commercial.framework in Frameworks */,
			);
			runOnlyForDeploymentPostprocessing = 0;
		};
/* End PBXFrameworksBuildPhase section */

/* Begin PBXGroup section */
		4631FC4B05A8355C15852061 /* Pods */ = {
			isa = PBXGroup;
			children = (
				CD3D4EF6F70EB09AC05F271F /* Pods-Site Assessment Commercial.debug.xcconfig */,
				D38745A09F38BE1C10B8782F /* Pods-Site Assessment Commercial.release.xcconfig */,
			);
			name = Pods;
			sourceTree = "<group>";
		};
		4E53E563F6490B7A26162B96 /* Frameworks */ = {
			isa = PBXGroup;
			children = (
				5EC725C3B8EBD5DEE4ED71F6 /* Pods_Site_Assessment_Commercial.framework */,
			);
			name = Frameworks;
			sourceTree = "<group>";
		};
		DD76BEF121A85D7600A65352 = {
			isa = PBXGroup;
			children = (
				DD76BEFC21A85D7600A65352 /* Site Assessment Commercial */,
				DD76BEFB21A85D7600A65352 /* Products */,
				4631FC4B05A8355C15852061 /* Pods */,
				4E53E563F6490B7A26162B96 /* Frameworks */,
			);
			sourceTree = "<group>";
		};
		DD76BEFB21A85D7600A65352 /* Products */ = {
			isa = PBXGroup;
			children = (
				DD76BEFA21A85D7600A65352 /* Site Assessment Commercial.app */,
			);
			name = Products;
			sourceTree = "<group>";
		};
		DD76BEFC21A85D7600A65352 /* Site Assessment Commercial */ = {
			isa = PBXGroup;
			children = (
				DD76BEFD21A85D7600A65352 /* AppDelegate.swift */,
				DD76BF0121A85D7600A65352 /* Main.storyboard */,
				DD76BF1B21A86B4800A65352 /* Model */,
				DD76BF1C21A86B6300A65352 /* Controller */,
				DD76BF0421A85D7800A65352 /* Assets.xcassets */,
				DD76BF0621A85D7800A65352 /* LaunchScreen.storyboard */,
				DD76BF0921A85D7800A65352 /* Info.plist */,
				DD76BF2721A8AB8700A65352 /* ViewModel */,
				DD754C6D21AC699400253D58 /* QuestionnaireConfigs.plist */,
				DD909D6721AF26AD00BC9736 /* Service */,
				DD909D6A21B04F1E00BC9736 /* SADTO.swift */,
				DD81CFE721C2F92C00FBE53E /* Layouts */,
			);
			path = "Site Assessment Commercial";
			sourceTree = "<group>";
		};
		DD76BF1B21A86B4800A65352 /* Model */ = {
			isa = PBXGroup;
			children = (
				DD76BF1521A86A8200A65352 /* MainCell.swift */,
				DD76BF1D21A86BC900A65352 /* SettingsCell.swift */,
				DD76BF1F21A86C7500A65352 /* ReviewCell.swift */,
				DD76BF2321A874D300A65352 /* InformationCell.swift */,
				DD48636F21B990660058EDA3 /* NewProjectReportCell.swift */,
				DD81E8CE21E01128005FDAF4 /* ImageGalleryCell.swift */,
			);
			path = Model;
			sourceTree = "<group>";
		};
		DD76BF1C21A86B6300A65352 /* Controller */ = {
			isa = PBXGroup;
			children = (
				DD76BF1321A8629C00A65352 /* ReviewViewController.swift */,
				DD76BF1121A8622E00A65352 /* NewProjectReportViewController.swift */,
				DD8AE19121C017AF00969F12 /* CollectionReusableView.swift */,
				DD76BF0F21A85F7100A65352 /* SettingsViewController.swift */,
				DD76BF1921A86AE200A65352 /* MainViewController.swift */,
				DD81E8CA21E00E3F005FDAF4 /* ImageGalleryTableView.swift */,
				DD76BF2121A8747600A65352 /* ProjectInformationViewController.swift */,
			);
			path = Controller;
			sourceTree = "<group>";
		};
		DD76BF2721A8AB8700A65352 /* ViewModel */ = {
			isa = PBXGroup;
			children = (
				DD76BF2521A8AB8000A65352 /* MainViewModel.swift */,
				DDEC154821B1DA4C00BF4083 /* ProjectInformationViewModel.swift */,
				DD8AE18D21BACA6A00969F12 /* NewProjectReportViewModel.swift */,
			);
			path = ViewModel;
			sourceTree = "<group>";
		};
		DD81CFE721C2F92C00FBE53E /* Layouts */ = {
			isa = PBXGroup;
			children = (
				DD81CFE821C44D5D00FBE53E /* CollectionViewFlowLayout.swift */,
			);
			path = Layouts;
			sourceTree = "<group>";
		};
		DD909D6721AF26AD00BC9736 /* Service */ = {
			isa = PBXGroup;
			children = (
				DDEC154621B1D78700BF4083 /* DataStorageService.swift */,
				DD909D6521AF26A300BC9736 /* NetworkService.swift */,
			);
			path = Service;
			sourceTree = "<group>";
		};
/* End PBXGroup section */

/* Begin PBXNativeTarget section */
		DD76BEF921A85D7600A65352 /* Site Assessment Commercial */ = {
			isa = PBXNativeTarget;
			buildConfigurationList = DD76BF0C21A85D7800A65352 /* Build configuration list for PBXNativeTarget "Site Assessment Commercial" */;
			buildPhases = (
				5EB0A8891601783A828E2F69 /* [CP] Check Pods Manifest.lock */,
				DD76BEF621A85D7600A65352 /* Sources */,
				DD76BEF721A85D7600A65352 /* Frameworks */,
				DD76BEF821A85D7600A65352 /* Resources */,
				D7DA28EA96F4E28E58CAC9F3 /* [CP] Embed Pods Frameworks */,
			);
			buildRules = (
			);
			dependencies = (
			);
			name = "Site Assessment Commercial";
			productName = "Site Assessment Commercial";
			productReference = DD76BEFA21A85D7600A65352 /* Site Assessment Commercial.app */;
			productType = "com.apple.product-type.application";
		};
/* End PBXNativeTarget section */

/* Begin PBXProject section */
		DD76BEF221A85D7600A65352 /* Project object */ = {
			isa = PBXProject;
			attributes = {
				LastSwiftUpdateCheck = 1010;
				LastUpgradeCheck = 1010;
				ORGANIZATIONNAME = chyapp.com;
				TargetAttributes = {
					DD76BEF921A85D7600A65352 = {
						CreatedOnToolsVersion = 10.1;
					};
				};
			};
			buildConfigurationList = DD76BEF521A85D7600A65352 /* Build configuration list for PBXProject "Site Assessment Commercial" */;
			compatibilityVersion = "Xcode 9.3";
			developmentRegion = en;
			hasScannedForEncodings = 0;
			knownRegions = (
				en,
				Base,
			);
			mainGroup = DD76BEF121A85D7600A65352;
			productRefGroup = DD76BEFB21A85D7600A65352 /* Products */;
			projectDirPath = "";
			projectRoot = "";
			targets = (
				DD76BEF921A85D7600A65352 /* Site Assessment Commercial */,
			);
		};
/* End PBXProject section */

/* Begin PBXResourcesBuildPhase section */
		DD76BEF821A85D7600A65352 /* Resources */ = {
			isa = PBXResourcesBuildPhase;
			buildActionMask = 2147483647;
			files = (
				DD754C6E21AC699400253D58 /* QuestionnaireConfigs.plist in Resources */,
				DD76BF0821A85D7800A65352 /* LaunchScreen.storyboard in Resources */,
				DD76BF0521A85D7800A65352 /* Assets.xcassets in Resources */,
				DD76BF0321A85D7600A65352 /* Main.storyboard in Resources */,
			);
			runOnlyForDeploymentPostprocessing = 0;
		};
/* End PBXResourcesBuildPhase section */

/* Begin PBXShellScriptBuildPhase section */
		5EB0A8891601783A828E2F69 /* [CP] Check Pods Manifest.lock */ = {
			isa = PBXShellScriptBuildPhase;
			buildActionMask = 2147483647;
			files = (
			);
			inputPaths = (
				"${PODS_PODFILE_DIR_PATH}/Podfile.lock",
				"${PODS_ROOT}/Manifest.lock",
			);
			name = "[CP] Check Pods Manifest.lock";
			outputPaths = (
				"$(DERIVED_FILE_DIR)/Pods-Site Assessment Commercial-checkManifestLockResult.txt",
			);
			runOnlyForDeploymentPostprocessing = 0;
			shellPath = /bin/sh;
			shellScript = "diff \"${PODS_PODFILE_DIR_PATH}/Podfile.lock\" \"${PODS_ROOT}/Manifest.lock\" > /dev/null\nif [ $? != 0 ] ; then\n    # print error to STDERR\n    echo \"error: The sandbox is not in sync with the Podfile.lock. Run 'pod install' or update your CocoaPods installation.\" >&2\n    exit 1\nfi\n# This output is used by Xcode 'outputs' to avoid re-running this script phase.\necho \"SUCCESS\" > \"${SCRIPT_OUTPUT_FILE_0}\"\n";
			showEnvVarsInLog = 0;
		};
		D7DA28EA96F4E28E58CAC9F3 /* [CP] Embed Pods Frameworks */ = {
			isa = PBXShellScriptBuildPhase;
			buildActionMask = 2147483647;
			files = (
			);
			inputPaths = (
				"${SRCROOT}/Pods/Target Support Files/Pods-Site Assessment Commercial/Pods-Site Assessment Commercial-frameworks.sh",
				"${BUILT_PRODUCTS_DIR}/Alamofire/Alamofire.framework",
				"${BUILT_PRODUCTS_DIR}/Differentiator/Differentiator.framework",
				"${BUILT_PRODUCTS_DIR}/ReachabilitySwift/Reachability.framework",
				"${BUILT_PRODUCTS_DIR}/RxAlamofire/RxAlamofire.framework",
				"${BUILT_PRODUCTS_DIR}/RxAtomic/RxAtomic.framework",
				"${BUILT_PRODUCTS_DIR}/RxCocoa/RxCocoa.framework",
				"${BUILT_PRODUCTS_DIR}/RxDataSources/RxDataSources.framework",
				"${BUILT_PRODUCTS_DIR}/RxReachability/RxReachability.framework",
				"${BUILT_PRODUCTS_DIR}/RxSwift/RxSwift.framework",
			);
			name = "[CP] Embed Pods Frameworks";
			outputPaths = (
				"${TARGET_BUILD_DIR}/${FRAMEWORKS_FOLDER_PATH}/Alamofire.framework",
				"${TARGET_BUILD_DIR}/${FRAMEWORKS_FOLDER_PATH}/Differentiator.framework",
				"${TARGET_BUILD_DIR}/${FRAMEWORKS_FOLDER_PATH}/Reachability.framework",
				"${TARGET_BUILD_DIR}/${FRAMEWORKS_FOLDER_PATH}/RxAlamofire.framework",
				"${TARGET_BUILD_DIR}/${FRAMEWORKS_FOLDER_PATH}/RxAtomic.framework",
				"${TARGET_BUILD_DIR}/${FRAMEWORKS_FOLDER_PATH}/RxCocoa.framework",
				"${TARGET_BUILD_DIR}/${FRAMEWORKS_FOLDER_PATH}/RxDataSources.framework",
				"${TARGET_BUILD_DIR}/${FRAMEWORKS_FOLDER_PATH}/RxReachability.framework",
				"${TARGET_BUILD_DIR}/${FRAMEWORKS_FOLDER_PATH}/RxSwift.framework",
			);
			runOnlyForDeploymentPostprocessing = 0;
			shellPath = /bin/sh;
			shellScript = "\"${SRCROOT}/Pods/Target Support Files/Pods-Site Assessment Commercial/Pods-Site Assessment Commercial-frameworks.sh\"\n";
			showEnvVarsInLog = 0;
		};
/* End PBXShellScriptBuildPhase section */

/* Begin PBXSourcesBuildPhase section */
		DD76BEF621A85D7600A65352 /* Sources */ = {
			isa = PBXSourcesBuildPhase;
			buildActionMask = 2147483647;
			files = (
				DD81E8CB21E00E3F005FDAF4 /* ImageGalleryTableView.swift in Sources */,
				DD8AE18E21BACA6A00969F12 /* NewProjectReportViewModel.swift in Sources */,
				DD76BF1E21A86BC900A65352 /* SettingsCell.swift in Sources */,
				DD76BF2221A8747600A65352 /* ProjectInformationViewController.swift in Sources */,
				DD48637021B990660058EDA3 /* NewProjectReportCell.swift in Sources */,
				DD76BEFE21A85D7600A65352 /* AppDelegate.swift in Sources */,
				DD76BF1621A86A8200A65352 /* MainCell.swift in Sources */,
				DDEC154921B1DA4C00BF4083 /* ProjectInformationViewModel.swift in Sources */,
				DD909D6B21B04F1E00BC9736 /* SADTO.swift in Sources */,
				DD76BF1021A85F7100A65352 /* SettingsViewController.swift in Sources */,
				DD8AE19221C017AF00969F12 /* CollectionReusableView.swift in Sources */,
				DD76BF1A21A86AE200A65352 /* MainViewController.swift in Sources */,
				DD76BF2421A874D300A65352 /* InformationCell.swift in Sources */,
				DD76BF2021A86C7500A65352 /* ReviewCell.swift in Sources */,
				DD76BF1421A8629C00A65352 /* ReviewViewController.swift in Sources */,
				DD76BF1221A8622E00A65352 /* NewProjectReportViewController.swift in Sources */,
				DD81CFE921C44D5D00FBE53E /* CollectionViewFlowLayout.swift in Sources */,
				DD909D6621AF26A300BC9736 /* NetworkService.swift in Sources */,
				DD76BF2621A8AB8000A65352 /* MainViewModel.swift in Sources */,
				DDEC154721B1D78700BF4083 /* DataStorageService.swift in Sources */,
				DD81E8CF21E01128005FDAF4 /* ImageGalleryCell.swift in Sources */,
			);
			runOnlyForDeploymentPostprocessing = 0;
		};
/* End PBXSourcesBuildPhase section */

/* Begin PBXVariantGroup section */
		DD76BF0121A85D7600A65352 /* Main.storyboard */ = {
			isa = PBXVariantGroup;
			children = (
				DD76BF0221A85D7600A65352 /* Base */,
			);
			name = Main.storyboard;
			sourceTree = "<group>";
		};
		DD76BF0621A85D7800A65352 /* LaunchScreen.storyboard */ = {
			isa = PBXVariantGroup;
			children = (
				DD76BF0721A85D7800A65352 /* Base */,
			);
			name = LaunchScreen.storyboard;
			sourceTree = "<group>";
		};
/* End PBXVariantGroup section */

/* Begin XCBuildConfiguration section */
		DD76BF0A21A85D7800A65352 /* Debug */ = {
			isa = XCBuildConfiguration;
			buildSettings = {
				ALWAYS_SEARCH_USER_PATHS = NO;
				CLANG_ANALYZER_NONNULL = YES;
				CLANG_ANALYZER_NUMBER_OBJECT_CONVERSION = YES_AGGRESSIVE;
				CLANG_CXX_LANGUAGE_STANDARD = "gnu++14";
				CLANG_CXX_LIBRARY = "libc++";
				CLANG_ENABLE_MODULES = YES;
				CLANG_ENABLE_OBJC_ARC = YES;
				CLANG_ENABLE_OBJC_WEAK = YES;
				CLANG_WARN_BLOCK_CAPTURE_AUTORELEASING = YES;
				CLANG_WARN_BOOL_CONVERSION = YES;
				CLANG_WARN_COMMA = YES;
				CLANG_WARN_CONSTANT_CONVERSION = YES;
				CLANG_WARN_DEPRECATED_OBJC_IMPLEMENTATIONS = YES;
				CLANG_WARN_DIRECT_OBJC_ISA_USAGE = YES_ERROR;
				CLANG_WARN_DOCUMENTATION_COMMENTS = YES;
				CLANG_WARN_EMPTY_BODY = YES;
				CLANG_WARN_ENUM_CONVERSION = YES;
				CLANG_WARN_INFINITE_RECURSION = YES;
				CLANG_WARN_INT_CONVERSION = YES;
				CLANG_WARN_NON_LITERAL_NULL_CONVERSION = YES;
				CLANG_WARN_OBJC_IMPLICIT_RETAIN_SELF = YES;
				CLANG_WARN_OBJC_LITERAL_CONVERSION = YES;
				CLANG_WARN_OBJC_ROOT_CLASS = YES_ERROR;
				CLANG_WARN_RANGE_LOOP_ANALYSIS = YES;
				CLANG_WARN_STRICT_PROTOTYPES = YES;
				CLANG_WARN_SUSPICIOUS_MOVE = YES;
				CLANG_WARN_UNGUARDED_AVAILABILITY = YES_AGGRESSIVE;
				CLANG_WARN_UNREACHABLE_CODE = YES;
				CLANG_WARN__DUPLICATE_METHOD_MATCH = YES;
				CODE_SIGN_IDENTITY = "iPhone Developer";
				COPY_PHASE_STRIP = NO;
				DEBUG_INFORMATION_FORMAT = dwarf;
				ENABLE_STRICT_OBJC_MSGSEND = YES;
				ENABLE_TESTABILITY = YES;
				GCC_C_LANGUAGE_STANDARD = gnu11;
				GCC_DYNAMIC_NO_PIC = NO;
				GCC_NO_COMMON_BLOCKS = YES;
				GCC_OPTIMIZATION_LEVEL = 0;
				GCC_PREPROCESSOR_DEFINITIONS = (
					"DEBUG=1",
					"$(inherited)",
				);
				GCC_WARN_64_TO_32_BIT_CONVERSION = YES;
				GCC_WARN_ABOUT_RETURN_TYPE = YES_ERROR;
				GCC_WARN_UNDECLARED_SELECTOR = YES;
				GCC_WARN_UNINITIALIZED_AUTOS = YES_AGGRESSIVE;
				GCC_WARN_UNUSED_FUNCTION = YES;
				GCC_WARN_UNUSED_VARIABLE = YES;
				IPHONEOS_DEPLOYMENT_TARGET = 12.1;
				MTL_ENABLE_DEBUG_INFO = INCLUDE_SOURCE;
				MTL_FAST_MATH = YES;
				ONLY_ACTIVE_ARCH = YES;
				SDKROOT = iphoneos;
				SWIFT_ACTIVE_COMPILATION_CONDITIONS = DEBUG;
				SWIFT_OPTIMIZATION_LEVEL = "-Onone";
			};
			name = Debug;
		};
		DD76BF0B21A85D7800A65352 /* Release */ = {
			isa = XCBuildConfiguration;
			buildSettings = {
				ALWAYS_SEARCH_USER_PATHS = NO;
				CLANG_ANALYZER_NONNULL = YES;
				CLANG_ANALYZER_NUMBER_OBJECT_CONVERSION = YES_AGGRESSIVE;
				CLANG_CXX_LANGUAGE_STANDARD = "gnu++14";
				CLANG_CXX_LIBRARY = "libc++";
				CLANG_ENABLE_MODULES = YES;
				CLANG_ENABLE_OBJC_ARC = YES;
				CLANG_ENABLE_OBJC_WEAK = YES;
				CLANG_WARN_BLOCK_CAPTURE_AUTORELEASING = YES;
				CLANG_WARN_BOOL_CONVERSION = YES;
				CLANG_WARN_COMMA = YES;
				CLANG_WARN_CONSTANT_CONVERSION = YES;
				CLANG_WARN_DEPRECATED_OBJC_IMPLEMENTATIONS = YES;
				CLANG_WARN_DIRECT_OBJC_ISA_USAGE = YES_ERROR;
				CLANG_WARN_DOCUMENTATION_COMMENTS = YES;
				CLANG_WARN_EMPTY_BODY = YES;
				CLANG_WARN_ENUM_CONVERSION = YES;
				CLANG_WARN_INFINITE_RECURSION = YES;
				CLANG_WARN_INT_CONVERSION = YES;
				CLANG_WARN_NON_LITERAL_NULL_CONVERSION = YES;
				CLANG_WARN_OBJC_IMPLICIT_RETAIN_SELF = YES;
				CLANG_WARN_OBJC_LITERAL_CONVERSION = YES;
				CLANG_WARN_OBJC_ROOT_CLASS = YES_ERROR;
				CLANG_WARN_RANGE_LOOP_ANALYSIS = YES;
				CLANG_WARN_STRICT_PROTOTYPES = YES;
				CLANG_WARN_SUSPICIOUS_MOVE = YES;
				CLANG_WARN_UNGUARDED_AVAILABILITY = YES_AGGRESSIVE;
				CLANG_WARN_UNREACHABLE_CODE = YES;
				CLANG_WARN__DUPLICATE_METHOD_MATCH = YES;
				CODE_SIGN_IDENTITY = "iPhone Developer";
				COPY_PHASE_STRIP = NO;
				DEBUG_INFORMATION_FORMAT = "dwarf-with-dsym";
				ENABLE_NS_ASSERTIONS = NO;
				ENABLE_STRICT_OBJC_MSGSEND = YES;
				GCC_C_LANGUAGE_STANDARD = gnu11;
				GCC_NO_COMMON_BLOCKS = YES;
				GCC_WARN_64_TO_32_BIT_CONVERSION = YES;
				GCC_WARN_ABOUT_RETURN_TYPE = YES_ERROR;
				GCC_WARN_UNDECLARED_SELECTOR = YES;
				GCC_WARN_UNINITIALIZED_AUTOS = YES_AGGRESSIVE;
				GCC_WARN_UNUSED_FUNCTION = YES;
				GCC_WARN_UNUSED_VARIABLE = YES;
				IPHONEOS_DEPLOYMENT_TARGET = 12.1;
				MTL_ENABLE_DEBUG_INFO = NO;
				MTL_FAST_MATH = YES;
				SDKROOT = iphoneos;
				SWIFT_COMPILATION_MODE = wholemodule;
				SWIFT_OPTIMIZATION_LEVEL = "-O";
				VALIDATE_PRODUCT = YES;
			};
			name = Release;
		};
		DD76BF0D21A85D7800A65352 /* Debug */ = {
			isa = XCBuildConfiguration;
			baseConfigurationReference = CD3D4EF6F70EB09AC05F271F /* Pods-Site Assessment Commercial.debug.xcconfig */;
			buildSettings = {
				ASSETCATALOG_COMPILER_APPICON_NAME = AppIcon;
				CODE_SIGN_STYLE = Automatic;
				DEVELOPMENT_TEAM = BN4H5C83Z9;
				INFOPLIST_FILE = "Site Assessment Commercial/Info.plist";
				LD_RUNPATH_SEARCH_PATHS = (
					"$(inherited)",
					"@executable_path/Frameworks",
				);
				PRODUCT_BUNDLE_IDENTIFIER = "chyapp.Site-Assessment-Commercial";
				PRODUCT_NAME = "$(TARGET_NAME)";
				SWIFT_VERSION = 4.2;
				TARGETED_DEVICE_FAMILY = "1,2";
			};
			name = Debug;
		};
		DD76BF0E21A85D7800A65352 /* Release */ = {
			isa = XCBuildConfiguration;
			baseConfigurationReference = D38745A09F38BE1C10B8782F /* Pods-Site Assessment Commercial.release.xcconfig */;
			buildSettings = {
				ASSETCATALOG_COMPILER_APPICON_NAME = AppIcon;
				CODE_SIGN_STYLE = Automatic;
				DEVELOPMENT_TEAM = BN4H5C83Z9;
				INFOPLIST_FILE = "Site Assessment Commercial/Info.plist";
				LD_RUNPATH_SEARCH_PATHS = (
					"$(inherited)",
					"@executable_path/Frameworks",
				);
				PRODUCT_BUNDLE_IDENTIFIER = "chyapp.Site-Assessment-Commercial";
				PRODUCT_NAME = "$(TARGET_NAME)";
				SWIFT_VERSION = 4.2;
				TARGETED_DEVICE_FAMILY = "1,2";
			};
			name = Release;
		};
/* End XCBuildConfiguration section */

/* Begin XCConfigurationList section */
		DD76BEF521A85D7600A65352 /* Build configuration list for PBXProject "Site Assessment Commercial" */ = {
			isa = XCConfigurationList;
			buildConfigurations = (
				DD76BF0A21A85D7800A65352 /* Debug */,
				DD76BF0B21A85D7800A65352 /* Release */,
			);
			defaultConfigurationIsVisible = 0;
			defaultConfigurationName = Release;
		};
		DD76BF0C21A85D7800A65352 /* Build configuration list for PBXNativeTarget "Site Assessment Commercial" */ = {
			isa = XCConfigurationList;
			buildConfigurations = (
				DD76BF0D21A85D7800A65352 /* Debug */,
				DD76BF0E21A85D7800A65352 /* Release */,
			);
			defaultConfigurationIsVisible = 0;
			defaultConfigurationName = Release;
		};
/* End XCConfigurationList section */
	};
	rootObject = DD76BEF221A85D7600A65352 /* Project object */;
}
